// !$*UTF8*$!
{
	archiveVersion = 1;
	classes = {
	};
	objectVersion = 56;
	objects = {

/* Begin PBXBuildFile section */
		086B87832C5B60760065CF13 /* AddPlayerScreenVC.xib in Resources */ = {isa = PBXBuildFile; fileRef = 086B87822C5B60760065CF13 /* AddPlayerScreenVC.xib */; };
		086B87842C5B60760065CF13 /* AddPlayerScreenVC.swift in Sources */ = {isa = PBXBuildFile; fileRef = 086B87812C5B60760065CF13 /* AddPlayerScreenVC.swift */; };
		086B87862C5B60920065CF13 /* AddPlayerScreenVM.swift in Sources */ = {isa = PBXBuildFile; fileRef = 086B87852C5B60920065CF13 /* AddPlayerScreenVM.swift */; };
		0871D8302C5E694300B9EC1E /* Sport.swift in Sources */ = {isa = PBXBuildFile; fileRef = 0871D82F2C5E694300B9EC1E /* Sport.swift */; };
		0871D8322C5E69C300B9EC1E /* FootballPosition.swift in Sources */ = {isa = PBXBuildFile; fileRef = 0871D8312C5E69C300B9EC1E /* FootballPosition.swift */; };
		0871D8342C5E6A4900B9EC1E /* VolleyballPosition.swift in Sources */ = {isa = PBXBuildFile; fileRef = 0871D8332C5E6A4900B9EC1E /* VolleyballPosition.swift */; };
		08B4646B2C5A789B00529D6A /* PlayerCellVM.swift in Sources */ = {isa = PBXBuildFile; fileRef = 08B464682C5A789B00529D6A /* PlayerCellVM.swift */; };
		08B4646C2C5A789B00529D6A /* PlayersScreenVM.swift in Sources */ = {isa = PBXBuildFile; fileRef = 08B464692C5A789B00529D6A /* PlayersScreenVM.swift */; };
		08B464702C5A78A900529D6A /* PlayersScreenVC.swift in Sources */ = {isa = PBXBuildFile; fileRef = 08B4646D2C5A78A900529D6A /* PlayersScreenVC.swift */; };
		08B464712C5A78A900529D6A /* PlayersScreenVC.xib in Resources */ = {isa = PBXBuildFile; fileRef = 08B4646E2C5A78A900529D6A /* PlayersScreenVC.xib */; };
		08B464752C5A78B700529D6A /* PlayerCell.swift in Sources */ = {isa = PBXBuildFile; fileRef = 08B464722C5A78B700529D6A /* PlayerCell.swift */; };
		08B464762C5A78B700529D6A /* PlayerCell.xib in Resources */ = {isa = PBXBuildFile; fileRef = 08B464732C5A78B700529D6A /* PlayerCell.xib */; };
		DD1A24A22C57AA2A0020AC04 /* AppDelegate.swift in Sources */ = {isa = PBXBuildFile; fileRef = DD1A24A12C57AA2A0020AC04 /* AppDelegate.swift */; };
		DD1A24A42C57AA2A0020AC04 /* SceneDelegate.swift in Sources */ = {isa = PBXBuildFile; fileRef = DD1A24A32C57AA2A0020AC04 /* SceneDelegate.swift */; };
		DD1A24AB2C57AA2B0020AC04 /* Assets.xcassets in Resources */ = {isa = PBXBuildFile; fileRef = DD1A24AA2C57AA2B0020AC04 /* Assets.xcassets */; };
		DD1A24AE2C57AA2B0020AC04 /* Base in Resources */ = {isa = PBXBuildFile; fileRef = DD1A24AD2C57AA2B0020AC04 /* Base */; };
		DD1A24B92C57AA2B0020AC04 /* TeamCreatorTests.swift in Sources */ = {isa = PBXBuildFile; fileRef = DD1A24B82C57AA2B0020AC04 /* TeamCreatorTests.swift */; };
		DD1A24C32C57AA2B0020AC04 /* TeamCreatorUITests.swift in Sources */ = {isa = PBXBuildFile; fileRef = DD1A24C22C57AA2B0020AC04 /* TeamCreatorUITests.swift */; };
		DD1A24C52C57AA2B0020AC04 /* TeamCreatorUITestsLaunchTests.swift in Sources */ = {isa = PBXBuildFile; fileRef = DD1A24C42C57AA2B0020AC04 /* TeamCreatorUITestsLaunchTests.swift */; };
		DD1A24D32C57AA410020AC04 /* Alamofire in Frameworks */ = {isa = PBXBuildFile; productRef = DD1A24D22C57AA410020AC04 /* Alamofire */; };
		DD1A24D62C57AADF0020AC04 /* FirebaseFirestore in Frameworks */ = {isa = PBXBuildFile; productRef = DD1A24D52C57AADF0020AC04 /* FirebaseFirestore */; };
		DD1A24D82C57AADF0020AC04 /* FirebaseStorage in Frameworks */ = {isa = PBXBuildFile; productRef = DD1A24D72C57AADF0020AC04 /* FirebaseStorage */; };
		DD1A24DA2C57AB070020AC04 /* GoogleService-Info.plist in Resources */ = {isa = PBXBuildFile; fileRef = DD1A24D92C57AB070020AC04 /* GoogleService-Info.plist */; };
		DD1A24E62C57AD660020AC04 /* NetworkManager.swift in Sources */ = {isa = PBXBuildFile; fileRef = DD1A24E52C57AD660020AC04 /* NetworkManager.swift */; };
		DD1A24E82C57AE500020AC04 /* HomeViewModel.swift in Sources */ = {isa = PBXBuildFile; fileRef = DD1A24E72C57AE500020AC04 /* HomeViewModel.swift */; };
		DD1A24F32C58CDD70020AC04 /* HomeViewController.swift in Sources */ = {isa = PBXBuildFile; fileRef = DD1A24F12C58CDD70020AC04 /* HomeViewController.swift */; };
		DD1A24F42C58CDD70020AC04 /* HomeViewController.xib in Resources */ = {isa = PBXBuildFile; fileRef = DD1A24F22C58CDD70020AC04 /* HomeViewController.xib */; };
		DD1A24F72C58DC3E0020AC04 /* CreateMatchViewController.swift in Sources */ = {isa = PBXBuildFile; fileRef = DD1A24F52C58DC3E0020AC04 /* CreateMatchViewController.swift */; };
		DD1A24F82C58DC3E0020AC04 /* CreateMatchViewController.xib in Resources */ = {isa = PBXBuildFile; fileRef = DD1A24F62C58DC3E0020AC04 /* CreateMatchViewController.xib */; };
		DD1A24FA2C58DC4A0020AC04 /* CreateMatchViewModel.swift in Sources */ = {isa = PBXBuildFile; fileRef = DD1A24F92C58DC4A0020AC04 /* CreateMatchViewModel.swift */; };
		DD1A24FE2C594DDC0020AC04 /* CreateMatchCell.swift in Sources */ = {isa = PBXBuildFile; fileRef = DD1A24FC2C594DDC0020AC04 /* CreateMatchCell.swift */; };
		DD1A24FF2C594DDC0020AC04 /* CreateMatchCell.xib in Resources */ = {isa = PBXBuildFile; fileRef = DD1A24FD2C594DDC0020AC04 /* CreateMatchCell.xib */; };
		DD38C18F2C6215680028E515 /* UIColor.swift in Sources */ = {isa = PBXBuildFile; fileRef = DD38C18E2C6215680028E515 /* UIColor.swift */; };
		DD38C1912C6264020028E515 /* MatchDetailTeamViewModel.swift in Sources */ = {isa = PBXBuildFile; fileRef = DD38C1902C6264020028E515 /* MatchDetailTeamViewModel.swift */; };
		DD38C1932C6265160028E515 /* VolleyballViewModel.swift in Sources */ = {isa = PBXBuildFile; fileRef = DD38C1922C6265160028E515 /* VolleyballViewModel.swift */; };
		DD3A08A12C5CB7750056C8D7 /* MenuViewController.xib in Resources */ = {isa = PBXBuildFile; fileRef = DD3A08A02C5CB7750056C8D7 /* MenuViewController.xib */; };
		DD3A08A22C5CB7750056C8D7 /* MenuViewController.swift in Sources */ = {isa = PBXBuildFile; fileRef = DD3A089F2C5CB7750056C8D7 /* MenuViewController.swift */; };
		DD3A08A52C5E22790056C8D7 /* FirebaseManager.swift in Sources */ = {isa = PBXBuildFile; fileRef = DD3A08A42C5E22790056C8D7 /* FirebaseManager.swift */; };
		DD3A08A72C5E253B0056C8D7 /* Player.swift in Sources */ = {isa = PBXBuildFile; fileRef = DD3A08A62C5E253B0056C8D7 /* Player.swift */; };
		DD3A08AB2C5E96A40056C8D7 /* VolleyballViewController.swift in Sources */ = {isa = PBXBuildFile; fileRef = DD3A08A92C5E96A40056C8D7 /* VolleyballViewController.swift */; };
		DD3A08AC2C5E96A40056C8D7 /* VolleyballViewController.xib in Resources */ = {isa = PBXBuildFile; fileRef = DD3A08AA2C5E96A40056C8D7 /* VolleyballViewController.xib */; };
		DD85DA102C5A82B300AF1652 /* CreateMatchDetailViewController.swift in Sources */ = {isa = PBXBuildFile; fileRef = DD85DA0B2C5A82B300AF1652 /* CreateMatchDetailViewController.swift */; };
		DD85DA112C5A82B300AF1652 /* CreateMatchDetailViewController.xib in Resources */ = {isa = PBXBuildFile; fileRef = DD85DA0C2C5A82B300AF1652 /* CreateMatchDetailViewController.xib */; };
		DD85DA122C5A82B300AF1652 /* CreateMatchDetailViewModel.swift in Sources */ = {isa = PBXBuildFile; fileRef = DD85DA0D2C5A82B300AF1652 /* CreateMatchDetailViewModel.swift */; };
		DD85DA132C5A82B300AF1652 /* WeatherModel.swift in Sources */ = {isa = PBXBuildFile; fileRef = DD85DA0E2C5A82B300AF1652 /* WeatherModel.swift */; };
		DD85DA1F2C5BAC5000AF1652 /* MatchDetailTeamsViewController.swift in Sources */ = {isa = PBXBuildFile; fileRef = DD85DA1D2C5BAC5000AF1652 /* MatchDetailTeamsViewController.swift */; };
		DD85DA202C5BAC5000AF1652 /* MatchDetailTeamsViewController.xib in Resources */ = {isa = PBXBuildFile; fileRef = DD85DA1E2C5BAC5000AF1652 /* MatchDetailTeamsViewController.xib */; };
		DD85DA242C5BACD400AF1652 /* MatchDetailTeamsCell.swift in Sources */ = {isa = PBXBuildFile; fileRef = DD85DA222C5BACD400AF1652 /* MatchDetailTeamsCell.swift */; };
		DD85DA252C5BACD400AF1652 /* MatchDetailTeamsCell.xib in Resources */ = {isa = PBXBuildFile; fileRef = DD85DA232C5BACD400AF1652 /* MatchDetailTeamsCell.xib */; };
		DD85DA272C5BACE200AF1652 /* MatchDetailTeamsViewModel.swift in Sources */ = {isa = PBXBuildFile; fileRef = DD85DA262C5BACE200AF1652 /* MatchDetailTeamsViewModel.swift */; };
		DD85DA2B2C5BB96E00AF1652 /* MatchDetailTeamViewController.swift in Sources */ = {isa = PBXBuildFile; fileRef = DD85DA292C5BB96E00AF1652 /* MatchDetailTeamViewController.swift */; };
		DD85DA2C2C5BB96E00AF1652 /* MatchDetailTeamViewController.xib in Resources */ = {isa = PBXBuildFile; fileRef = DD85DA2A2C5BB96E00AF1652 /* MatchDetailTeamViewController.xib */; };
/* End PBXBuildFile section */

/* Begin PBXContainerItemProxy section */
		DD1A24B52C57AA2B0020AC04 /* PBXContainerItemProxy */ = {
			isa = PBXContainerItemProxy;
			containerPortal = DD1A24962C57AA2A0020AC04 /* Project object */;
			proxyType = 1;
			remoteGlobalIDString = DD1A249D2C57AA2A0020AC04;
			remoteInfo = TeamCreator;
		};
		DD1A24BF2C57AA2B0020AC04 /* PBXContainerItemProxy */ = {
			isa = PBXContainerItemProxy;
			containerPortal = DD1A24962C57AA2A0020AC04 /* Project object */;
			proxyType = 1;
			remoteGlobalIDString = DD1A249D2C57AA2A0020AC04;
			remoteInfo = TeamCreator;
		};
/* End PBXContainerItemProxy section */

/* Begin PBXFileReference section */
		086B87812C5B60760065CF13 /* AddPlayerScreenVC.swift */ = {isa = PBXFileReference; lastKnownFileType = sourcecode.swift; path = AddPlayerScreenVC.swift; sourceTree = "<group>"; };
		086B87822C5B60760065CF13 /* AddPlayerScreenVC.xib */ = {isa = PBXFileReference; lastKnownFileType = file.xib; path = AddPlayerScreenVC.xib; sourceTree = "<group>"; };
		086B87852C5B60920065CF13 /* AddPlayerScreenVM.swift */ = {isa = PBXFileReference; lastKnownFileType = sourcecode.swift; path = AddPlayerScreenVM.swift; sourceTree = "<group>"; };
		0871D82F2C5E694300B9EC1E /* Sport.swift */ = {isa = PBXFileReference; lastKnownFileType = sourcecode.swift; path = Sport.swift; sourceTree = "<group>"; };
		0871D8312C5E69C300B9EC1E /* FootballPosition.swift */ = {isa = PBXFileReference; lastKnownFileType = sourcecode.swift; path = FootballPosition.swift; sourceTree = "<group>"; };
		0871D8332C5E6A4900B9EC1E /* VolleyballPosition.swift */ = {isa = PBXFileReference; lastKnownFileType = sourcecode.swift; path = VolleyballPosition.swift; sourceTree = "<group>"; };
		08B464682C5A789B00529D6A /* PlayerCellVM.swift */ = {isa = PBXFileReference; fileEncoding = 4; lastKnownFileType = sourcecode.swift; path = PlayerCellVM.swift; sourceTree = "<group>"; };
		08B464692C5A789B00529D6A /* PlayersScreenVM.swift */ = {isa = PBXFileReference; fileEncoding = 4; lastKnownFileType = sourcecode.swift; path = PlayersScreenVM.swift; sourceTree = "<group>"; };
		08B4646D2C5A78A900529D6A /* PlayersScreenVC.swift */ = {isa = PBXFileReference; fileEncoding = 4; lastKnownFileType = sourcecode.swift; path = PlayersScreenVC.swift; sourceTree = "<group>"; };
		08B4646E2C5A78A900529D6A /* PlayersScreenVC.xib */ = {isa = PBXFileReference; fileEncoding = 4; lastKnownFileType = file.xib; path = PlayersScreenVC.xib; sourceTree = "<group>"; };
		08B464722C5A78B700529D6A /* PlayerCell.swift */ = {isa = PBXFileReference; fileEncoding = 4; lastKnownFileType = sourcecode.swift; path = PlayerCell.swift; sourceTree = "<group>"; };
		08B464732C5A78B700529D6A /* PlayerCell.xib */ = {isa = PBXFileReference; fileEncoding = 4; lastKnownFileType = file.xib; path = PlayerCell.xib; sourceTree = "<group>"; };
		DD1A249E2C57AA2A0020AC04 /* TeamCreator.app */ = {isa = PBXFileReference; explicitFileType = wrapper.application; includeInIndex = 0; path = TeamCreator.app; sourceTree = BUILT_PRODUCTS_DIR; };
		DD1A24A12C57AA2A0020AC04 /* AppDelegate.swift */ = {isa = PBXFileReference; lastKnownFileType = sourcecode.swift; path = AppDelegate.swift; sourceTree = "<group>"; };
		DD1A24A32C57AA2A0020AC04 /* SceneDelegate.swift */ = {isa = PBXFileReference; lastKnownFileType = sourcecode.swift; path = SceneDelegate.swift; sourceTree = "<group>"; };
		DD1A24AA2C57AA2B0020AC04 /* Assets.xcassets */ = {isa = PBXFileReference; lastKnownFileType = folder.assetcatalog; path = Assets.xcassets; sourceTree = "<group>"; };
		DD1A24AD2C57AA2B0020AC04 /* Base */ = {isa = PBXFileReference; lastKnownFileType = file.storyboard; name = Base; path = Base.lproj/LaunchScreen.storyboard; sourceTree = "<group>"; };
		DD1A24AF2C57AA2B0020AC04 /* Info.plist */ = {isa = PBXFileReference; lastKnownFileType = text.plist.xml; path = Info.plist; sourceTree = "<group>"; };
		DD1A24B42C57AA2B0020AC04 /* TeamCreatorTests.xctest */ = {isa = PBXFileReference; explicitFileType = wrapper.cfbundle; includeInIndex = 0; path = TeamCreatorTests.xctest; sourceTree = BUILT_PRODUCTS_DIR; };
		DD1A24B82C57AA2B0020AC04 /* TeamCreatorTests.swift */ = {isa = PBXFileReference; lastKnownFileType = sourcecode.swift; path = TeamCreatorTests.swift; sourceTree = "<group>"; };
		DD1A24BE2C57AA2B0020AC04 /* TeamCreatorUITests.xctest */ = {isa = PBXFileReference; explicitFileType = wrapper.cfbundle; includeInIndex = 0; path = TeamCreatorUITests.xctest; sourceTree = BUILT_PRODUCTS_DIR; };
		DD1A24C22C57AA2B0020AC04 /* TeamCreatorUITests.swift */ = {isa = PBXFileReference; lastKnownFileType = sourcecode.swift; path = TeamCreatorUITests.swift; sourceTree = "<group>"; };
		DD1A24C42C57AA2B0020AC04 /* TeamCreatorUITestsLaunchTests.swift */ = {isa = PBXFileReference; lastKnownFileType = sourcecode.swift; path = TeamCreatorUITestsLaunchTests.swift; sourceTree = "<group>"; };
		DD1A24D92C57AB070020AC04 /* GoogleService-Info.plist */ = {isa = PBXFileReference; fileEncoding = 4; lastKnownFileType = text.plist.xml; path = "GoogleService-Info.plist"; sourceTree = "<group>"; };
		DD1A24E52C57AD660020AC04 /* NetworkManager.swift */ = {isa = PBXFileReference; lastKnownFileType = sourcecode.swift; path = NetworkManager.swift; sourceTree = "<group>"; };
		DD1A24E72C57AE500020AC04 /* HomeViewModel.swift */ = {isa = PBXFileReference; lastKnownFileType = sourcecode.swift; path = HomeViewModel.swift; sourceTree = "<group>"; };
		DD1A24F12C58CDD70020AC04 /* HomeViewController.swift */ = {isa = PBXFileReference; lastKnownFileType = sourcecode.swift; path = HomeViewController.swift; sourceTree = "<group>"; };
		DD1A24F22C58CDD70020AC04 /* HomeViewController.xib */ = {isa = PBXFileReference; lastKnownFileType = file.xib; path = HomeViewController.xib; sourceTree = "<group>"; };
		DD1A24F52C58DC3E0020AC04 /* CreateMatchViewController.swift */ = {isa = PBXFileReference; lastKnownFileType = sourcecode.swift; name = CreateMatchViewController.swift; path = TeamCreator/Screens/HomeScreen/CreateMatchViewController.swift; sourceTree = SOURCE_ROOT; };
		DD1A24F62C58DC3E0020AC04 /* CreateMatchViewController.xib */ = {isa = PBXFileReference; lastKnownFileType = file.xib; name = CreateMatchViewController.xib; path = TeamCreator/Screens/HomeScreen/CreateMatchViewController.xib; sourceTree = SOURCE_ROOT; };
		DD1A24F92C58DC4A0020AC04 /* CreateMatchViewModel.swift */ = {isa = PBXFileReference; lastKnownFileType = sourcecode.swift; name = CreateMatchViewModel.swift; path = TeamCreator/Screens/HomeScreen/CreateMatchViewModel.swift; sourceTree = SOURCE_ROOT; };
		DD1A24FC2C594DDC0020AC04 /* CreateMatchCell.swift */ = {isa = PBXFileReference; lastKnownFileType = sourcecode.swift; path = CreateMatchCell.swift; sourceTree = "<group>"; };
		DD1A24FD2C594DDC0020AC04 /* CreateMatchCell.xib */ = {isa = PBXFileReference; lastKnownFileType = file.xib; path = CreateMatchCell.xib; sourceTree = "<group>"; };
		DD38C18E2C6215680028E515 /* UIColor.swift */ = {isa = PBXFileReference; lastKnownFileType = sourcecode.swift; path = UIColor.swift; sourceTree = "<group>"; };
		DD38C1902C6264020028E515 /* MatchDetailTeamViewModel.swift */ = {isa = PBXFileReference; lastKnownFileType = sourcecode.swift; path = MatchDetailTeamViewModel.swift; sourceTree = "<group>"; };
		DD38C1922C6265160028E515 /* VolleyballViewModel.swift */ = {isa = PBXFileReference; lastKnownFileType = sourcecode.swift; path = VolleyballViewModel.swift; sourceTree = "<group>"; };
		DD3A089F2C5CB7750056C8D7 /* MenuViewController.swift */ = {isa = PBXFileReference; lastKnownFileType = sourcecode.swift; path = MenuViewController.swift; sourceTree = "<group>"; };
		DD3A08A02C5CB7750056C8D7 /* MenuViewController.xib */ = {isa = PBXFileReference; lastKnownFileType = file.xib; path = MenuViewController.xib; sourceTree = "<group>"; };
		DD3A08A42C5E22790056C8D7 /* FirebaseManager.swift */ = {isa = PBXFileReference; lastKnownFileType = sourcecode.swift; path = FirebaseManager.swift; sourceTree = "<group>"; };
		DD3A08A62C5E253B0056C8D7 /* Player.swift */ = {isa = PBXFileReference; lastKnownFileType = sourcecode.swift; path = Player.swift; sourceTree = "<group>"; };
		DD3A08A92C5E96A40056C8D7 /* VolleyballViewController.swift */ = {isa = PBXFileReference; lastKnownFileType = sourcecode.swift; path = VolleyballViewController.swift; sourceTree = "<group>"; };
		DD3A08AA2C5E96A40056C8D7 /* VolleyballViewController.xib */ = {isa = PBXFileReference; lastKnownFileType = file.xib; path = VolleyballViewController.xib; sourceTree = "<group>"; };
		DD85DA0B2C5A82B300AF1652 /* CreateMatchDetailViewController.swift */ = {isa = PBXFileReference; fileEncoding = 4; lastKnownFileType = sourcecode.swift; path = CreateMatchDetailViewController.swift; sourceTree = "<group>"; };
		DD85DA0C2C5A82B300AF1652 /* CreateMatchDetailViewController.xib */ = {isa = PBXFileReference; fileEncoding = 4; lastKnownFileType = file.xib; path = CreateMatchDetailViewController.xib; sourceTree = "<group>"; };
		DD85DA0D2C5A82B300AF1652 /* CreateMatchDetailViewModel.swift */ = {isa = PBXFileReference; fileEncoding = 4; lastKnownFileType = sourcecode.swift; path = CreateMatchDetailViewModel.swift; sourceTree = "<group>"; };
		DD85DA0E2C5A82B300AF1652 /* WeatherModel.swift */ = {isa = PBXFileReference; fileEncoding = 4; lastKnownFileType = sourcecode.swift; path = WeatherModel.swift; sourceTree = "<group>"; };
		DD85DA1D2C5BAC5000AF1652 /* MatchDetailTeamsViewController.swift */ = {isa = PBXFileReference; lastKnownFileType = sourcecode.swift; path = MatchDetailTeamsViewController.swift; sourceTree = "<group>"; };
		DD85DA1E2C5BAC5000AF1652 /* MatchDetailTeamsViewController.xib */ = {isa = PBXFileReference; lastKnownFileType = file.xib; path = MatchDetailTeamsViewController.xib; sourceTree = "<group>"; };
		DD85DA222C5BACD400AF1652 /* MatchDetailTeamsCell.swift */ = {isa = PBXFileReference; lastKnownFileType = sourcecode.swift; path = MatchDetailTeamsCell.swift; sourceTree = "<group>"; };
		DD85DA232C5BACD400AF1652 /* MatchDetailTeamsCell.xib */ = {isa = PBXFileReference; lastKnownFileType = file.xib; path = MatchDetailTeamsCell.xib; sourceTree = "<group>"; };
		DD85DA262C5BACE200AF1652 /* MatchDetailTeamsViewModel.swift */ = {isa = PBXFileReference; lastKnownFileType = sourcecode.swift; path = MatchDetailTeamsViewModel.swift; sourceTree = "<group>"; };
		DD85DA292C5BB96E00AF1652 /* MatchDetailTeamViewController.swift */ = {isa = PBXFileReference; lastKnownFileType = sourcecode.swift; path = MatchDetailTeamViewController.swift; sourceTree = "<group>"; };
		DD85DA2A2C5BB96E00AF1652 /* MatchDetailTeamViewController.xib */ = {isa = PBXFileReference; lastKnownFileType = file.xib; path = MatchDetailTeamViewController.xib; sourceTree = "<group>"; };
/* End PBXFileReference section */

/* Begin PBXFrameworksBuildPhase section */
		DD1A249B2C57AA2A0020AC04 /* Frameworks */ = {
			isa = PBXFrameworksBuildPhase;
			buildActionMask = 2147483647;
			files = (
				DD1A24D32C57AA410020AC04 /* Alamofire in Frameworks */,
				DD1A24D62C57AADF0020AC04 /* FirebaseFirestore in Frameworks */,
				DD1A24D82C57AADF0020AC04 /* FirebaseStorage in Frameworks */,
			);
			runOnlyForDeploymentPostprocessing = 0;
		};
		DD1A24B12C57AA2B0020AC04 /* Frameworks */ = {
			isa = PBXFrameworksBuildPhase;
			buildActionMask = 2147483647;
			files = (
			);
			runOnlyForDeploymentPostprocessing = 0;
		};
		DD1A24BB2C57AA2B0020AC04 /* Frameworks */ = {
			isa = PBXFrameworksBuildPhase;
			buildActionMask = 2147483647;
			files = (
			);
			runOnlyForDeploymentPostprocessing = 0;
		};
/* End PBXFrameworksBuildPhase section */

/* Begin PBXGroup section */
		086B87802C5B60610065CF13 /* Controller */ = {
			isa = PBXGroup;
			children = (
				086B87812C5B60760065CF13 /* AddPlayerScreenVC.swift */,
				086B87822C5B60760065CF13 /* AddPlayerScreenVC.xib */,
			);
			path = Controller;
			sourceTree = "<group>";
		};
		086B87872C5B60970065CF13 /* ViewModel */ = {
			isa = PBXGroup;
			children = (
				086B87852C5B60920065CF13 /* AddPlayerScreenVM.swift */,
			);
			path = ViewModel;
			sourceTree = "<group>";
		};
		0871D82E2C5E692100B9EC1E /* Utilities */ = {
			isa = PBXGroup;
			children = (
				DD38C18D2C62155A0028E515 /* Extensions */,
				0871D82F2C5E694300B9EC1E /* Sport.swift */,
				0871D8312C5E69C300B9EC1E /* FootballPosition.swift */,
				0871D8332C5E6A4900B9EC1E /* VolleyballPosition.swift */,
			);
			path = Utilities;
			sourceTree = "<group>";
		};
		08B4646A2C5A789B00529D6A /* ViewModel */ = {
			isa = PBXGroup;
			children = (
				08B464692C5A789B00529D6A /* PlayersScreenVM.swift */,
				08B464682C5A789B00529D6A /* PlayerCellVM.swift */,
			);
			path = ViewModel;
			sourceTree = "<group>";
		};
		08B4646F2C5A78A900529D6A /* Controller */ = {
			isa = PBXGroup;
			children = (
				08B4646D2C5A78A900529D6A /* PlayersScreenVC.swift */,
				08B4646E2C5A78A900529D6A /* PlayersScreenVC.xib */,
			);
			path = Controller;
			sourceTree = "<group>";
		};
		08B464742C5A78B700529D6A /* Cell */ = {
			isa = PBXGroup;
			children = (
				08B464722C5A78B700529D6A /* PlayerCell.swift */,
				08B464732C5A78B700529D6A /* PlayerCell.xib */,
			);
			path = Cell;
			sourceTree = "<group>";
		};
		DD1A24952C57AA2A0020AC04 = {
			isa = PBXGroup;
			children = (
				DD1A24A02C57AA2A0020AC04 /* TeamCreator */,
				DD1A24B72C57AA2B0020AC04 /* TeamCreatorTests */,
				DD1A24C12C57AA2B0020AC04 /* TeamCreatorUITests */,
				DD1A249F2C57AA2A0020AC04 /* Products */,
			);
			sourceTree = "<group>";
		};
		DD1A249F2C57AA2A0020AC04 /* Products */ = {
			isa = PBXGroup;
			children = (
				DD1A249E2C57AA2A0020AC04 /* TeamCreator.app */,
				DD1A24B42C57AA2B0020AC04 /* TeamCreatorTests.xctest */,
				DD1A24BE2C57AA2B0020AC04 /* TeamCreatorUITests.xctest */,
			);
			name = Products;
			sourceTree = "<group>";
		};
		DD1A24A02C57AA2A0020AC04 /* TeamCreator */ = {
			isa = PBXGroup;
			children = (
				DD3A08A32C5E22680056C8D7 /* FirebaseManager */,
				DD1A24E42C57AD530020AC04 /* NetworkManager */,
				DD1A24DD2C57AC3E0020AC04 /* Screens */,
				0871D82E2C5E692100B9EC1E /* Utilities */,
				DD1A24DC2C57AC360020AC04 /* App */,
				DD1A24DB2C57AC1A0020AC04 /* Resources */,
				DD1A24AF2C57AA2B0020AC04 /* Info.plist */,
				DD1A24D92C57AB070020AC04 /* GoogleService-Info.plist */,
			);
			path = TeamCreator;
			sourceTree = "<group>";
		};
		DD1A24B72C57AA2B0020AC04 /* TeamCreatorTests */ = {
			isa = PBXGroup;
			children = (
				DD1A24B82C57AA2B0020AC04 /* TeamCreatorTests.swift */,
			);
			path = TeamCreatorTests;
			sourceTree = "<group>";
		};
		DD1A24C12C57AA2B0020AC04 /* TeamCreatorUITests */ = {
			isa = PBXGroup;
			children = (
				DD1A24C22C57AA2B0020AC04 /* TeamCreatorUITests.swift */,
				DD1A24C42C57AA2B0020AC04 /* TeamCreatorUITestsLaunchTests.swift */,
			);
			path = TeamCreatorUITests;
			sourceTree = "<group>";
		};
		DD1A24DB2C57AC1A0020AC04 /* Resources */ = {
			isa = PBXGroup;
			children = (
				DD1A24AC2C57AA2B0020AC04 /* LaunchScreen.storyboard */,
				DD1A24AA2C57AA2B0020AC04 /* Assets.xcassets */,
			);
			path = Resources;
			sourceTree = "<group>";
		};
		DD1A24DC2C57AC360020AC04 /* App */ = {
			isa = PBXGroup;
			children = (
				DD1A24A12C57AA2A0020AC04 /* AppDelegate.swift */,
				DD1A24A32C57AA2A0020AC04 /* SceneDelegate.swift */,
			);
			path = App;
			sourceTree = "<group>";
		};
		DD1A24DD2C57AC3E0020AC04 /* Screens */ = {
			isa = PBXGroup;
			children = (
				DD1A24DE2C57AC430020AC04 /* HomeScreen */,
				DD1A24DF2C57AC5A0020AC04 /* MenuScreen */,
				DD1A24E02C57ACB00020AC04 /* PlayersScreen */,
				DD1A24E32C57ACEE0020AC04 /* AddPlayerScreen */,
				DD1A24E12C57ACBD0020AC04 /* CreateMatchScreen */,
				DD85DA0F2C5A82B300AF1652 /* MatchDetailScreen */,
			);
			path = Screens;
			sourceTree = "<group>";
		};
		DD1A24DE2C57AC430020AC04 /* HomeScreen */ = {
			isa = PBXGroup;
			children = (
				DD1A24F12C58CDD70020AC04 /* HomeViewController.swift */,
				DD1A24F22C58CDD70020AC04 /* HomeViewController.xib */,
				DD1A24E72C57AE500020AC04 /* HomeViewModel.swift */,
			);
			path = HomeScreen;
			sourceTree = "<group>";
		};
		DD1A24DF2C57AC5A0020AC04 /* MenuScreen */ = {
			isa = PBXGroup;
			children = (
				DD3A089F2C5CB7750056C8D7 /* MenuViewController.swift */,
				DD3A08A02C5CB7750056C8D7 /* MenuViewController.xib */,
			);
			path = MenuScreen;
			sourceTree = "<group>";
		};
		DD1A24E02C57ACB00020AC04 /* PlayersScreen */ = {
			isa = PBXGroup;
			children = (
				08B464742C5A78B700529D6A /* Cell */,
				08B4646F2C5A78A900529D6A /* Controller */,
				08B4646A2C5A789B00529D6A /* ViewModel */,
			);
			path = PlayersScreen;
			sourceTree = "<group>";
		};
		DD1A24E12C57ACBD0020AC04 /* CreateMatchScreen */ = {
			isa = PBXGroup;
			children = (
				DD1A24FB2C594DBB0020AC04 /* CreateMatchCell */,
				DD1A24F52C58DC3E0020AC04 /* CreateMatchViewController.swift */,
				DD1A24F62C58DC3E0020AC04 /* CreateMatchViewController.xib */,
				DD1A24F92C58DC4A0020AC04 /* CreateMatchViewModel.swift */,
			);
			path = CreateMatchScreen;
			sourceTree = "<group>";
		};
		DD1A24E32C57ACEE0020AC04 /* AddPlayerScreen */ = {
			isa = PBXGroup;
			children = (
				086B87802C5B60610065CF13 /* Controller */,
				086B87872C5B60970065CF13 /* ViewModel */,
				DD3A08A62C5E253B0056C8D7 /* Player.swift */,
			);
			path = AddPlayerScreen;
			sourceTree = "<group>";
		};
		DD1A24E42C57AD530020AC04 /* NetworkManager */ = {
			isa = PBXGroup;
			children = (
				DD1A24E52C57AD660020AC04 /* NetworkManager.swift */,
			);
			path = NetworkManager;
			sourceTree = "<group>";
		};
		DD1A24FB2C594DBB0020AC04 /* CreateMatchCell */ = {
			isa = PBXGroup;
			children = (
				DD1A24FC2C594DDC0020AC04 /* CreateMatchCell.swift */,
				DD1A24FD2C594DDC0020AC04 /* CreateMatchCell.xib */,
			);
			path = CreateMatchCell;
			sourceTree = "<group>";
		};
		DD38C18D2C62155A0028E515 /* Extensions */ = {
			isa = PBXGroup;
			children = (
				DD38C18E2C6215680028E515 /* UIColor.swift */,
			);
			path = Extensions;
			sourceTree = "<group>";
		};
		DD3A08A32C5E22680056C8D7 /* FirebaseManager */ = {
			isa = PBXGroup;
			children = (
				DD3A08A42C5E22790056C8D7 /* FirebaseManager.swift */,
			);
			path = FirebaseManager;
			sourceTree = "<group>";
		};
		DD3A08A82C5E965B0056C8D7 /* MatchDetailVolleyball */ = {
			isa = PBXGroup;
			children = (
				DD3A08A92C5E96A40056C8D7 /* VolleyballViewController.swift */,
				DD3A08AA2C5E96A40056C8D7 /* VolleyballViewController.xib */,
				DD38C1922C6265160028E515 /* VolleyballViewModel.swift */,
			);
			path = MatchDetailVolleyball;
			sourceTree = "<group>";
		};
		DD85DA0F2C5A82B300AF1652 /* MatchDetailScreen */ = {
			isa = PBXGroup;
			children = (
				DD85DA0B2C5A82B300AF1652 /* CreateMatchDetailViewController.swift */,
				DD85DA0C2C5A82B300AF1652 /* CreateMatchDetailViewController.xib */,
				DD85DA0D2C5A82B300AF1652 /* CreateMatchDetailViewModel.swift */,
				DD85DA0E2C5A82B300AF1652 /* WeatherModel.swift */,
				DD85DA1C2C5BABD100AF1652 /* MatchDetailTeamsScreen */,
				DD85DA282C5BB94200AF1652 /* MatchDetailTeamScreen */,
				DD3A08A82C5E965B0056C8D7 /* MatchDetailVolleyball */,
			);
			path = MatchDetailScreen;
			sourceTree = "<group>";
		};
		DD85DA1C2C5BABD100AF1652 /* MatchDetailTeamsScreen */ = {
			isa = PBXGroup;
			children = (
				DD85DA212C5BACB000AF1652 /* MatchDetailTeamsCell */,
				DD85DA1D2C5BAC5000AF1652 /* MatchDetailTeamsViewController.swift */,
				DD85DA1E2C5BAC5000AF1652 /* MatchDetailTeamsViewController.xib */,
				DD85DA262C5BACE200AF1652 /* MatchDetailTeamsViewModel.swift */,
			);
			path = MatchDetailTeamsScreen;
			sourceTree = "<group>";
		};
		DD85DA212C5BACB000AF1652 /* MatchDetailTeamsCell */ = {
			isa = PBXGroup;
			children = (
				DD85DA222C5BACD400AF1652 /* MatchDetailTeamsCell.swift */,
				DD85DA232C5BACD400AF1652 /* MatchDetailTeamsCell.xib */,
			);
			path = MatchDetailTeamsCell;
			sourceTree = "<group>";
		};
		DD85DA282C5BB94200AF1652 /* MatchDetailTeamScreen */ = {
			isa = PBXGroup;
			children = (
				DD85DA292C5BB96E00AF1652 /* MatchDetailTeamViewController.swift */,
				DD85DA2A2C5BB96E00AF1652 /* MatchDetailTeamViewController.xib */,
				DD38C1902C6264020028E515 /* MatchDetailTeamViewModel.swift */,
			);
			path = MatchDetailTeamScreen;
			sourceTree = "<group>";
		};
/* End PBXGroup section */

/* Begin PBXNativeTarget section */
		DD1A249D2C57AA2A0020AC04 /* TeamCreator */ = {
			isa = PBXNativeTarget;
			buildConfigurationList = DD1A24C82C57AA2B0020AC04 /* Build configuration list for PBXNativeTarget "TeamCreator" */;
			buildPhases = (
				DD1A249A2C57AA2A0020AC04 /* Sources */,
				DD1A249B2C57AA2A0020AC04 /* Frameworks */,
				DD1A249C2C57AA2A0020AC04 /* Resources */,
			);
			buildRules = (
			);
			dependencies = (
			);
			name = TeamCreator;
			packageProductDependencies = (
				DD1A24D22C57AA410020AC04 /* Alamofire */,
				DD1A24D52C57AADF0020AC04 /* FirebaseFirestore */,
				DD1A24D72C57AADF0020AC04 /* FirebaseStorage */,
			);
			productName = TeamCreator;
			productReference = DD1A249E2C57AA2A0020AC04 /* TeamCreator.app */;
			productType = "com.apple.product-type.application";
		};
		DD1A24B32C57AA2B0020AC04 /* TeamCreatorTests */ = {
			isa = PBXNativeTarget;
			buildConfigurationList = DD1A24CB2C57AA2B0020AC04 /* Build configuration list for PBXNativeTarget "TeamCreatorTests" */;
			buildPhases = (
				DD1A24B02C57AA2B0020AC04 /* Sources */,
				DD1A24B12C57AA2B0020AC04 /* Frameworks */,
				DD1A24B22C57AA2B0020AC04 /* Resources */,
			);
			buildRules = (
			);
			dependencies = (
				DD1A24B62C57AA2B0020AC04 /* PBXTargetDependency */,
			);
			name = TeamCreatorTests;
			productName = TeamCreatorTests;
			productReference = DD1A24B42C57AA2B0020AC04 /* TeamCreatorTests.xctest */;
			productType = "com.apple.product-type.bundle.unit-test";
		};
		DD1A24BD2C57AA2B0020AC04 /* TeamCreatorUITests */ = {
			isa = PBXNativeTarget;
			buildConfigurationList = DD1A24CE2C57AA2B0020AC04 /* Build configuration list for PBXNativeTarget "TeamCreatorUITests" */;
			buildPhases = (
				DD1A24BA2C57AA2B0020AC04 /* Sources */,
				DD1A24BB2C57AA2B0020AC04 /* Frameworks */,
				DD1A24BC2C57AA2B0020AC04 /* Resources */,
			);
			buildRules = (
			);
			dependencies = (
				DD1A24C02C57AA2B0020AC04 /* PBXTargetDependency */,
			);
			name = TeamCreatorUITests;
			productName = TeamCreatorUITests;
			productReference = DD1A24BE2C57AA2B0020AC04 /* TeamCreatorUITests.xctest */;
			productType = "com.apple.product-type.bundle.ui-testing";
		};
/* End PBXNativeTarget section */

/* Begin PBXProject section */
		DD1A24962C57AA2A0020AC04 /* Project object */ = {
			isa = PBXProject;
			attributes = {
				BuildIndependentTargetsInParallel = 1;
				LastSwiftUpdateCheck = 1540;
				LastUpgradeCheck = 1540;
				TargetAttributes = {
					DD1A249D2C57AA2A0020AC04 = {
						CreatedOnToolsVersion = 15.4;
					};
					DD1A24B32C57AA2B0020AC04 = {
						CreatedOnToolsVersion = 15.4;
						TestTargetID = DD1A249D2C57AA2A0020AC04;
					};
					DD1A24BD2C57AA2B0020AC04 = {
						CreatedOnToolsVersion = 15.4;
						TestTargetID = DD1A249D2C57AA2A0020AC04;
					};
				};
			};
			buildConfigurationList = DD1A24992C57AA2A0020AC04 /* Build configuration list for PBXProject "TeamCreator" */;
			compatibilityVersion = "Xcode 14.0";
			developmentRegion = en;
			hasScannedForEncodings = 0;
			knownRegions = (
				en,
				Base,
			);
			mainGroup = DD1A24952C57AA2A0020AC04;
			packageReferences = (
				DD1A24D12C57AA410020AC04 /* XCRemoteSwiftPackageReference "Alamofire" */,
				DD1A24D42C57AADF0020AC04 /* XCRemoteSwiftPackageReference "firebase-ios-sdk" */,
				DD38C18A2C60A7710028E515 /* XCRemoteSwiftPackageReference "SDWebImage" */,
			);
			productRefGroup = DD1A249F2C57AA2A0020AC04 /* Products */;
			projectDirPath = "";
			projectRoot = "";
			targets = (
				DD1A249D2C57AA2A0020AC04 /* TeamCreator */,
				DD1A24B32C57AA2B0020AC04 /* TeamCreatorTests */,
				DD1A24BD2C57AA2B0020AC04 /* TeamCreatorUITests */,
			);
		};
/* End PBXProject section */

/* Begin PBXResourcesBuildPhase section */
		DD1A249C2C57AA2A0020AC04 /* Resources */ = {
			isa = PBXResourcesBuildPhase;
			buildActionMask = 2147483647;
			files = (
				DD1A24FF2C594DDC0020AC04 /* CreateMatchCell.xib in Resources */,
				DD3A08AC2C5E96A40056C8D7 /* VolleyballViewController.xib in Resources */,
				DD1A24AB2C57AA2B0020AC04 /* Assets.xcassets in Resources */,
				DD85DA202C5BAC5000AF1652 /* MatchDetailTeamsViewController.xib in Resources */,
				DD85DA112C5A82B300AF1652 /* CreateMatchDetailViewController.xib in Resources */,
				DD85DA2C2C5BB96E00AF1652 /* MatchDetailTeamViewController.xib in Resources */,
				DD3A08A12C5CB7750056C8D7 /* MenuViewController.xib in Resources */,
				086B87832C5B60760065CF13 /* AddPlayerScreenVC.xib in Resources */,
				08B464712C5A78A900529D6A /* PlayersScreenVC.xib in Resources */,
				DD1A24DA2C57AB070020AC04 /* GoogleService-Info.plist in Resources */,
				08B464762C5A78B700529D6A /* PlayerCell.xib in Resources */,
				DD1A24F82C58DC3E0020AC04 /* CreateMatchViewController.xib in Resources */,
				DD85DA252C5BACD400AF1652 /* MatchDetailTeamsCell.xib in Resources */,
				DD1A24AE2C57AA2B0020AC04 /* Base in Resources */,
				DD1A24F42C58CDD70020AC04 /* HomeViewController.xib in Resources */,
			);
			runOnlyForDeploymentPostprocessing = 0;
		};
		DD1A24B22C57AA2B0020AC04 /* Resources */ = {
			isa = PBXResourcesBuildPhase;
			buildActionMask = 2147483647;
			files = (
			);
			runOnlyForDeploymentPostprocessing = 0;
		};
		DD1A24BC2C57AA2B0020AC04 /* Resources */ = {
			isa = PBXResourcesBuildPhase;
			buildActionMask = 2147483647;
			files = (
			);
			runOnlyForDeploymentPostprocessing = 0;
		};
/* End PBXResourcesBuildPhase section */

/* Begin PBXSourcesBuildPhase section */
		DD1A249A2C57AA2A0020AC04 /* Sources */ = {
			isa = PBXSourcesBuildPhase;
			buildActionMask = 2147483647;
			files = (
				086B87862C5B60920065CF13 /* AddPlayerScreenVM.swift in Sources */,
				08B464752C5A78B700529D6A /* PlayerCell.swift in Sources */,
				DD85DA242C5BACD400AF1652 /* MatchDetailTeamsCell.swift in Sources */,
				086B87842C5B60760065CF13 /* AddPlayerScreenVC.swift in Sources */,
				DD38C18F2C6215680028E515 /* UIColor.swift in Sources */,
				DD3A08A72C5E253B0056C8D7 /* Player.swift in Sources */,
				DD1A24FE2C594DDC0020AC04 /* CreateMatchCell.swift in Sources */,
				0871D8302C5E694300B9EC1E /* Sport.swift in Sources */,
				DD1A24F32C58CDD70020AC04 /* HomeViewController.swift in Sources */,
				DD85DA272C5BACE200AF1652 /* MatchDetailTeamsViewModel.swift in Sources */,
				DD3A08AB2C5E96A40056C8D7 /* VolleyballViewController.swift in Sources */,
				DD1A24E62C57AD660020AC04 /* NetworkManager.swift in Sources */,
				DD85DA132C5A82B300AF1652 /* WeatherModel.swift in Sources */,
				DD1A24F72C58DC3E0020AC04 /* CreateMatchViewController.swift in Sources */,
				08B4646B2C5A789B00529D6A /* PlayerCellVM.swift in Sources */,
				DD85DA102C5A82B300AF1652 /* CreateMatchDetailViewController.swift in Sources */,
				DD38C1912C6264020028E515 /* MatchDetailTeamViewModel.swift in Sources */,
				DD85DA1F2C5BAC5000AF1652 /* MatchDetailTeamsViewController.swift in Sources */,
				0871D8342C5E6A4900B9EC1E /* VolleyballPosition.swift in Sources */,
				0871D8322C5E69C300B9EC1E /* FootballPosition.swift in Sources */,
				DD1A24A22C57AA2A0020AC04 /* AppDelegate.swift in Sources */,
				DD85DA2B2C5BB96E00AF1652 /* MatchDetailTeamViewController.swift in Sources */,
				DD3A08A22C5CB7750056C8D7 /* MenuViewController.swift in Sources */,
				DD1A24E82C57AE500020AC04 /* HomeViewModel.swift in Sources */,
				DD38C1932C6265160028E515 /* VolleyballViewModel.swift in Sources */,
				DD1A24FA2C58DC4A0020AC04 /* CreateMatchViewModel.swift in Sources */,
				DD85DA122C5A82B300AF1652 /* CreateMatchDetailViewModel.swift in Sources */,
				DD1A24A42C57AA2A0020AC04 /* SceneDelegate.swift in Sources */,
				DD3A08A52C5E22790056C8D7 /* FirebaseManager.swift in Sources */,
				08B4646C2C5A789B00529D6A /* PlayersScreenVM.swift in Sources */,
				08B464702C5A78A900529D6A /* PlayersScreenVC.swift in Sources */,
			);
			runOnlyForDeploymentPostprocessing = 0;
		};
		DD1A24B02C57AA2B0020AC04 /* Sources */ = {
			isa = PBXSourcesBuildPhase;
			buildActionMask = 2147483647;
			files = (
				DD1A24B92C57AA2B0020AC04 /* TeamCreatorTests.swift in Sources */,
			);
			runOnlyForDeploymentPostprocessing = 0;
		};
		DD1A24BA2C57AA2B0020AC04 /* Sources */ = {
			isa = PBXSourcesBuildPhase;
			buildActionMask = 2147483647;
			files = (
				DD1A24C52C57AA2B0020AC04 /* TeamCreatorUITestsLaunchTests.swift in Sources */,
				DD1A24C32C57AA2B0020AC04 /* TeamCreatorUITests.swift in Sources */,
			);
			runOnlyForDeploymentPostprocessing = 0;
		};
/* End PBXSourcesBuildPhase section */

/* Begin PBXTargetDependency section */
		DD1A24B62C57AA2B0020AC04 /* PBXTargetDependency */ = {
			isa = PBXTargetDependency;
			target = DD1A249D2C57AA2A0020AC04 /* TeamCreator */;
			targetProxy = DD1A24B52C57AA2B0020AC04 /* PBXContainerItemProxy */;
		};
		DD1A24C02C57AA2B0020AC04 /* PBXTargetDependency */ = {
			isa = PBXTargetDependency;
			target = DD1A249D2C57AA2A0020AC04 /* TeamCreator */;
			targetProxy = DD1A24BF2C57AA2B0020AC04 /* PBXContainerItemProxy */;
		};
/* End PBXTargetDependency section */

/* Begin PBXVariantGroup section */
		DD1A24AC2C57AA2B0020AC04 /* LaunchScreen.storyboard */ = {
			isa = PBXVariantGroup;
			children = (
				DD1A24AD2C57AA2B0020AC04 /* Base */,
			);
			name = LaunchScreen.storyboard;
			sourceTree = "<group>";
		};
/* End PBXVariantGroup section */

/* Begin XCBuildConfiguration section */
		DD1A24C62C57AA2B0020AC04 /* Debug */ = {
			isa = XCBuildConfiguration;
			buildSettings = {
				ALWAYS_SEARCH_USER_PATHS = NO;
				ASSETCATALOG_COMPILER_GENERATE_SWIFT_ASSET_SYMBOL_EXTENSIONS = YES;
				CLANG_ANALYZER_NONNULL = YES;
				CLANG_ANALYZER_NUMBER_OBJECT_CONVERSION = YES_AGGRESSIVE;
				CLANG_CXX_LANGUAGE_STANDARD = "gnu++20";
				CLANG_ENABLE_MODULES = YES;
				CLANG_ENABLE_OBJC_ARC = YES;
				CLANG_ENABLE_OBJC_WEAK = YES;
				CLANG_WARN_BLOCK_CAPTURE_AUTORELEASING = YES;
				CLANG_WARN_BOOL_CONVERSION = YES;
				CLANG_WARN_COMMA = YES;
				CLANG_WARN_CONSTANT_CONVERSION = YES;
				CLANG_WARN_DEPRECATED_OBJC_IMPLEMENTATIONS = YES;
				CLANG_WARN_DIRECT_OBJC_ISA_USAGE = YES_ERROR;
				CLANG_WARN_DOCUMENTATION_COMMENTS = YES;
				CLANG_WARN_EMPTY_BODY = YES;
				CLANG_WARN_ENUM_CONVERSION = YES;
				CLANG_WARN_INFINITE_RECURSION = YES;
				CLANG_WARN_INT_CONVERSION = YES;
				CLANG_WARN_NON_LITERAL_NULL_CONVERSION = YES;
				CLANG_WARN_OBJC_IMPLICIT_RETAIN_SELF = YES;
				CLANG_WARN_OBJC_LITERAL_CONVERSION = YES;
				CLANG_WARN_OBJC_ROOT_CLASS = YES_ERROR;
				CLANG_WARN_QUOTED_INCLUDE_IN_FRAMEWORK_HEADER = YES;
				CLANG_WARN_RANGE_LOOP_ANALYSIS = YES;
				CLANG_WARN_STRICT_PROTOTYPES = YES;
				CLANG_WARN_SUSPICIOUS_MOVE = YES;
				CLANG_WARN_UNGUARDED_AVAILABILITY = YES_AGGRESSIVE;
				CLANG_WARN_UNREACHABLE_CODE = YES;
				CLANG_WARN__DUPLICATE_METHOD_MATCH = YES;
				COPY_PHASE_STRIP = NO;
				DEBUG_INFORMATION_FORMAT = dwarf;
				ENABLE_STRICT_OBJC_MSGSEND = YES;
				ENABLE_TESTABILITY = YES;
				ENABLE_USER_SCRIPT_SANDBOXING = YES;
				GCC_C_LANGUAGE_STANDARD = gnu17;
				GCC_DYNAMIC_NO_PIC = NO;
				GCC_NO_COMMON_BLOCKS = YES;
				GCC_OPTIMIZATION_LEVEL = 0;
				GCC_PREPROCESSOR_DEFINITIONS = (
					"DEBUG=1",
					"$(inherited)",
				);
				GCC_WARN_64_TO_32_BIT_CONVERSION = YES;
				GCC_WARN_ABOUT_RETURN_TYPE = YES_ERROR;
				GCC_WARN_UNDECLARED_SELECTOR = YES;
				GCC_WARN_UNINITIALIZED_AUTOS = YES_AGGRESSIVE;
				GCC_WARN_UNUSED_FUNCTION = YES;
				GCC_WARN_UNUSED_VARIABLE = YES;
				IPHONEOS_DEPLOYMENT_TARGET = 17.5;
				LOCALIZATION_PREFERS_STRING_CATALOGS = YES;
				MTL_ENABLE_DEBUG_INFO = INCLUDE_SOURCE;
				MTL_FAST_MATH = YES;
				ONLY_ACTIVE_ARCH = YES;
				SDKROOT = iphoneos;
				SWIFT_ACTIVE_COMPILATION_CONDITIONS = "DEBUG $(inherited)";
				SWIFT_OPTIMIZATION_LEVEL = "-Onone";
			};
			name = Debug;
		};
		DD1A24C72C57AA2B0020AC04 /* Release */ = {
			isa = XCBuildConfiguration;
			buildSettings = {
				ALWAYS_SEARCH_USER_PATHS = NO;
				ASSETCATALOG_COMPILER_GENERATE_SWIFT_ASSET_SYMBOL_EXTENSIONS = YES;
				CLANG_ANALYZER_NONNULL = YES;
				CLANG_ANALYZER_NUMBER_OBJECT_CONVERSION = YES_AGGRESSIVE;
				CLANG_CXX_LANGUAGE_STANDARD = "gnu++20";
				CLANG_ENABLE_MODULES = YES;
				CLANG_ENABLE_OBJC_ARC = YES;
				CLANG_ENABLE_OBJC_WEAK = YES;
				CLANG_WARN_BLOCK_CAPTURE_AUTORELEASING = YES;
				CLANG_WARN_BOOL_CONVERSION = YES;
				CLANG_WARN_COMMA = YES;
				CLANG_WARN_CONSTANT_CONVERSION = YES;
				CLANG_WARN_DEPRECATED_OBJC_IMPLEMENTATIONS = YES;
				CLANG_WARN_DIRECT_OBJC_ISA_USAGE = YES_ERROR;
				CLANG_WARN_DOCUMENTATION_COMMENTS = YES;
				CLANG_WARN_EMPTY_BODY = YES;
				CLANG_WARN_ENUM_CONVERSION = YES;
				CLANG_WARN_INFINITE_RECURSION = YES;
				CLANG_WARN_INT_CONVERSION = YES;
				CLANG_WARN_NON_LITERAL_NULL_CONVERSION = YES;
				CLANG_WARN_OBJC_IMPLICIT_RETAIN_SELF = YES;
				CLANG_WARN_OBJC_LITERAL_CONVERSION = YES;
				CLANG_WARN_OBJC_ROOT_CLASS = YES_ERROR;
				CLANG_WARN_QUOTED_INCLUDE_IN_FRAMEWORK_HEADER = YES;
				CLANG_WARN_RANGE_LOOP_ANALYSIS = YES;
				CLANG_WARN_STRICT_PROTOTYPES = YES;
				CLANG_WARN_SUSPICIOUS_MOVE = YES;
				CLANG_WARN_UNGUARDED_AVAILABILITY = YES_AGGRESSIVE;
				CLANG_WARN_UNREACHABLE_CODE = YES;
				CLANG_WARN__DUPLICATE_METHOD_MATCH = YES;
				COPY_PHASE_STRIP = NO;
				DEBUG_INFORMATION_FORMAT = "dwarf-with-dsym";
				ENABLE_NS_ASSERTIONS = NO;
				ENABLE_STRICT_OBJC_MSGSEND = YES;
				ENABLE_USER_SCRIPT_SANDBOXING = YES;
				GCC_C_LANGUAGE_STANDARD = gnu17;
				GCC_NO_COMMON_BLOCKS = YES;
				GCC_WARN_64_TO_32_BIT_CONVERSION = YES;
				GCC_WARN_ABOUT_RETURN_TYPE = YES_ERROR;
				GCC_WARN_UNDECLARED_SELECTOR = YES;
				GCC_WARN_UNINITIALIZED_AUTOS = YES_AGGRESSIVE;
				GCC_WARN_UNUSED_FUNCTION = YES;
				GCC_WARN_UNUSED_VARIABLE = YES;
				IPHONEOS_DEPLOYMENT_TARGET = 17.5;
				LOCALIZATION_PREFERS_STRING_CATALOGS = YES;
				MTL_ENABLE_DEBUG_INFO = NO;
				MTL_FAST_MATH = YES;
				SDKROOT = iphoneos;
				SWIFT_COMPILATION_MODE = wholemodule;
				VALIDATE_PRODUCT = YES;
			};
			name = Release;
		};
		DD1A24C92C57AA2B0020AC04 /* Debug */ = {
			isa = XCBuildConfiguration;
			buildSettings = {
				ASSETCATALOG_COMPILER_APPICON_NAME = AppIcon;
				ASSETCATALOG_COMPILER_GLOBAL_ACCENT_COLOR_NAME = AccentColor;
				CODE_SIGN_STYLE = Automatic;
				CURRENT_PROJECT_VERSION = 1;
				GENERATE_INFOPLIST_FILE = YES;
				INFOPLIST_FILE = TeamCreator/Info.plist;
				INFOPLIST_KEY_UIApplicationSupportsIndirectInputEvents = YES;
				INFOPLIST_KEY_UILaunchStoryboardName = LaunchScreen;
				INFOPLIST_KEY_UISupportedInterfaceOrientations_iPad = "UIInterfaceOrientationPortrait UIInterfaceOrientationPortraitUpsideDown UIInterfaceOrientationLandscapeLeft UIInterfaceOrientationLandscapeRight";
				INFOPLIST_KEY_UISupportedInterfaceOrientations_iPhone = "UIInterfaceOrientationPortrait UIInterfaceOrientationLandscapeLeft UIInterfaceOrientationLandscapeRight";
				LD_RUNPATH_SEARCH_PATHS = (
					"$(inherited)",
					"@executable_path/Frameworks",
				);
				MARKETING_VERSION = 1.0;
				PRODUCT_BUNDLE_IDENTIFIER = First.TeamCreator;
				PRODUCT_NAME = "$(TARGET_NAME)";
				SWIFT_EMIT_LOC_STRINGS = YES;
				SWIFT_VERSION = 5.0;
				TARGETED_DEVICE_FAMILY = "1,2";
			};
			name = Debug;
		};
		DD1A24CA2C57AA2B0020AC04 /* Release */ = {
			isa = XCBuildConfiguration;
			buildSettings = {
				ASSETCATALOG_COMPILER_APPICON_NAME = AppIcon;
				ASSETCATALOG_COMPILER_GLOBAL_ACCENT_COLOR_NAME = AccentColor;
				CODE_SIGN_STYLE = Automatic;
				CURRENT_PROJECT_VERSION = 1;
				GENERATE_INFOPLIST_FILE = YES;
				INFOPLIST_FILE = TeamCreator/Info.plist;
				INFOPLIST_KEY_UIApplicationSupportsIndirectInputEvents = YES;
				INFOPLIST_KEY_UILaunchStoryboardName = LaunchScreen;
				INFOPLIST_KEY_UISupportedInterfaceOrientations_iPad = "UIInterfaceOrientationPortrait UIInterfaceOrientationPortraitUpsideDown UIInterfaceOrientationLandscapeLeft UIInterfaceOrientationLandscapeRight";
				INFOPLIST_KEY_UISupportedInterfaceOrientations_iPhone = "UIInterfaceOrientationPortrait UIInterfaceOrientationLandscapeLeft UIInterfaceOrientationLandscapeRight";
				LD_RUNPATH_SEARCH_PATHS = (
					"$(inherited)",
					"@executable_path/Frameworks",
				);
				MARKETING_VERSION = 1.0;
				PRODUCT_BUNDLE_IDENTIFIER = First.TeamCreator;
				PRODUCT_NAME = "$(TARGET_NAME)";
				SWIFT_EMIT_LOC_STRINGS = YES;
				SWIFT_VERSION = 5.0;
				TARGETED_DEVICE_FAMILY = "1,2";
			};
			name = Release;
		};
		DD1A24CC2C57AA2B0020AC04 /* Debug */ = {
			isa = XCBuildConfiguration;
			buildSettings = {
				ALWAYS_EMBED_SWIFT_STANDARD_LIBRARIES = YES;
				BUNDLE_LOADER = "$(TEST_HOST)";
				CODE_SIGN_STYLE = Automatic;
				CURRENT_PROJECT_VERSION = 1;
				GENERATE_INFOPLIST_FILE = YES;
				IPHONEOS_DEPLOYMENT_TARGET = 17.5;
				MARKETING_VERSION = 1.0;
				PRODUCT_BUNDLE_IDENTIFIER = First.TeamCreatorTests;
				PRODUCT_NAME = "$(TARGET_NAME)";
				SWIFT_EMIT_LOC_STRINGS = NO;
				SWIFT_VERSION = 5.0;
				TARGETED_DEVICE_FAMILY = "1,2";
				TEST_HOST = "$(BUILT_PRODUCTS_DIR)/TeamCreator.app/$(BUNDLE_EXECUTABLE_FOLDER_PATH)/TeamCreator";
			};
			name = Debug;
		};
		DD1A24CD2C57AA2B0020AC04 /* Release */ = {
			isa = XCBuildConfiguration;
			buildSettings = {
				ALWAYS_EMBED_SWIFT_STANDARD_LIBRARIES = YES;
				BUNDLE_LOADER = "$(TEST_HOST)";
				CODE_SIGN_STYLE = Automatic;
				CURRENT_PROJECT_VERSION = 1;
				GENERATE_INFOPLIST_FILE = YES;
				IPHONEOS_DEPLOYMENT_TARGET = 17.5;
				MARKETING_VERSION = 1.0;
				PRODUCT_BUNDLE_IDENTIFIER = First.TeamCreatorTests;
				PRODUCT_NAME = "$(TARGET_NAME)";
				SWIFT_EMIT_LOC_STRINGS = NO;
				SWIFT_VERSION = 5.0;
				TARGETED_DEVICE_FAMILY = "1,2";
				TEST_HOST = "$(BUILT_PRODUCTS_DIR)/TeamCreator.app/$(BUNDLE_EXECUTABLE_FOLDER_PATH)/TeamCreator";
			};
			name = Release;
		};
		DD1A24CF2C57AA2B0020AC04 /* Debug */ = {
			isa = XCBuildConfiguration;
			buildSettings = {
				ALWAYS_EMBED_SWIFT_STANDARD_LIBRARIES = YES;
				CODE_SIGN_STYLE = Automatic;
				CURRENT_PROJECT_VERSION = 1;
				GENERATE_INFOPLIST_FILE = YES;
				MARKETING_VERSION = 1.0;
				PRODUCT_BUNDLE_IDENTIFIER = First.TeamCreatorUITests;
				PRODUCT_NAME = "$(TARGET_NAME)";
				SWIFT_EMIT_LOC_STRINGS = NO;
				SWIFT_VERSION = 5.0;
				TARGETED_DEVICE_FAMILY = "1,2";
				TEST_TARGET_NAME = TeamCreator;
			};
			name = Debug;
		};
		DD1A24D02C57AA2B0020AC04 /* Release */ = {
			isa = XCBuildConfiguration;
			buildSettings = {
				ALWAYS_EMBED_SWIFT_STANDARD_LIBRARIES = YES;
				CODE_SIGN_STYLE = Automatic;
				CURRENT_PROJECT_VERSION = 1;
				GENERATE_INFOPLIST_FILE = YES;
				MARKETING_VERSION = 1.0;
				PRODUCT_BUNDLE_IDENTIFIER = First.TeamCreatorUITests;
				PRODUCT_NAME = "$(TARGET_NAME)";
				SWIFT_EMIT_LOC_STRINGS = NO;
				SWIFT_VERSION = 5.0;
				TARGETED_DEVICE_FAMILY = "1,2";
				TEST_TARGET_NAME = TeamCreator;
			};
			name = Release;
		};
/* End XCBuildConfiguration section */

/* Begin XCConfigurationList section */
		DD1A24992C57AA2A0020AC04 /* Build configuration list for PBXProject "TeamCreator" */ = {
			isa = XCConfigurationList;
			buildConfigurations = (
				DD1A24C62C57AA2B0020AC04 /* Debug */,
				DD1A24C72C57AA2B0020AC04 /* Release */,
			);
			defaultConfigurationIsVisible = 0;
			defaultConfigurationName = Release;
		};
		DD1A24C82C57AA2B0020AC04 /* Build configuration list for PBXNativeTarget "TeamCreator" */ = {
			isa = XCConfigurationList;
			buildConfigurations = (
				DD1A24C92C57AA2B0020AC04 /* Debug */,
				DD1A24CA2C57AA2B0020AC04 /* Release */,
			);
			defaultConfigurationIsVisible = 0;
			defaultConfigurationName = Release;
		};
		DD1A24CB2C57AA2B0020AC04 /* Build configuration list for PBXNativeTarget "TeamCreatorTests" */ = {
			isa = XCConfigurationList;
			buildConfigurations = (
				DD1A24CC2C57AA2B0020AC04 /* Debug */,
				DD1A24CD2C57AA2B0020AC04 /* Release */,
			);
			defaultConfigurationIsVisible = 0;
			defaultConfigurationName = Release;
		};
		DD1A24CE2C57AA2B0020AC04 /* Build configuration list for PBXNativeTarget "TeamCreatorUITests" */ = {
			isa = XCConfigurationList;
			buildConfigurations = (
				DD1A24CF2C57AA2B0020AC04 /* Debug */,
				DD1A24D02C57AA2B0020AC04 /* Release */,
			);
			defaultConfigurationIsVisible = 0;
			defaultConfigurationName = Release;
		};
/* End XCConfigurationList section */

/* Begin XCRemoteSwiftPackageReference section */
		DD1A24D12C57AA410020AC04 /* XCRemoteSwiftPackageReference "Alamofire" */ = {
			isa = XCRemoteSwiftPackageReference;
			repositoryURL = "https://github.com/Alamofire/Alamofire.git";
			requirement = {
				kind = upToNextMajorVersion;
				minimumVersion = 5.9.1;
			};
		};
		DD1A24D42C57AADF0020AC04 /* XCRemoteSwiftPackageReference "firebase-ios-sdk" */ = {
			isa = XCRemoteSwiftPackageReference;
			repositoryURL = "https://github.com/firebase/firebase-ios-sdk";
			requirement = {
				kind = upToNextMajorVersion;
				minimumVersion = 10.29.0;
			};
		};
		DD38C18A2C60A7710028E515 /* XCRemoteSwiftPackageReference "SDWebImage" */ = {
			isa = XCRemoteSwiftPackageReference;
			repositoryURL = "https://github.com/SDWebImage/SDWebImage";
			requirement = {
				kind = upToNextMajorVersion;
				minimumVersion = 5.19.5;
			};
		};
/* End XCRemoteSwiftPackageReference section */

/* Begin XCSwiftPackageProductDependency section */
		DD1A24D22C57AA410020AC04 /* Alamofire */ = {
			isa = XCSwiftPackageProductDependency;
			package = DD1A24D12C57AA410020AC04 /* XCRemoteSwiftPackageReference "Alamofire" */;
			productName = Alamofire;
		};
		DD1A24D52C57AADF0020AC04 /* FirebaseFirestore */ = {
			isa = XCSwiftPackageProductDependency;
			package = DD1A24D42C57AADF0020AC04 /* XCRemoteSwiftPackageReference "firebase-ios-sdk" */;
			productName = FirebaseFirestore;
		};
		DD1A24D72C57AADF0020AC04 /* FirebaseStorage */ = {
			isa = XCSwiftPackageProductDependency;
			package = DD1A24D42C57AADF0020AC04 /* XCRemoteSwiftPackageReference "firebase-ios-sdk" */;
			productName = FirebaseStorage;
		};
/* End XCSwiftPackageProductDependency section */
	};
	rootObject = DD1A24962C57AA2A0020AC04 /* Project object */;
}
