// !$*UTF8*$!
{
	archiveVersion = 1;
	classes = {
	};
	objectVersion = 56;
	objects = {

/* Begin PBXBuildFile section */
		DD67B21F2C577A67008F57C5 /* AppDelegate.swift in Sources */ = {isa = PBXBuildFile; fileRef = DD67B21E2C577A67008F57C5 /* AppDelegate.swift */; };
		DD67B2212C577A67008F57C5 /* SceneDelegate.swift in Sources */ = {isa = PBXBuildFile; fileRef = DD67B2202C577A67008F57C5 /* SceneDelegate.swift */; };
		DD67B2232C577A67008F57C5 /* ViewController.swift in Sources */ = {isa = PBXBuildFile; fileRef = DD67B2222C577A67008F57C5 /* ViewController.swift */; };
		DD67B2262C577A67008F57C5 /* Base in Resources */ = {isa = PBXBuildFile; fileRef = DD67B2252C577A67008F57C5 /* Base */; };
		DD67B2282C577A69008F57C5 /* Assets.xcassets in Resources */ = {isa = PBXBuildFile; fileRef = DD67B2272C577A69008F57C5 /* Assets.xcassets */; };
		DD67B22B2C577A69008F57C5 /* Base in Resources */ = {isa = PBXBuildFile; fileRef = DD67B22A2C577A69008F57C5 /* Base */; };
		DD67B2362C577A69008F57C5 /* TeamCreaterTests.swift in Sources */ = {isa = PBXBuildFile; fileRef = DD67B2352C577A69008F57C5 /* TeamCreaterTests.swift */; };
		DD67B2402C577A69008F57C5 /* TeamCreaterUITests.swift in Sources */ = {isa = PBXBuildFile; fileRef = DD67B23F2C577A69008F57C5 /* TeamCreaterUITests.swift */; };
		DD67B2422C577A69008F57C5 /* TeamCreaterUITestsLaunchTests.swift in Sources */ = {isa = PBXBuildFile; fileRef = DD67B2412C577A69008F57C5 /* TeamCreaterUITestsLaunchTests.swift */; };
/* End PBXBuildFile section */

/* Begin PBXContainerItemProxy section */
		DD67B2322C577A69008F57C5 /* PBXContainerItemProxy */ = {
			isa = PBXContainerItemProxy;
			containerPortal = DD67B2132C577A67008F57C5 /* Project object */;
			proxyType = 1;
			remoteGlobalIDString = DD67B21A2C577A67008F57C5;
			remoteInfo = TeamCreater;
		};
		DD67B23C2C577A69008F57C5 /* PBXContainerItemProxy */ = {
			isa = PBXContainerItemProxy;
			containerPortal = DD67B2132C577A67008F57C5 /* Project object */;
			proxyType = 1;
			remoteGlobalIDString = DD67B21A2C577A67008F57C5;
			remoteInfo = TeamCreater;
		};
/* End PBXContainerItemProxy section */

/* Begin PBXFileReference section */
		DD67B21B2C577A67008F57C5 /* TeamCreater.app */ = {isa = PBXFileReference; explicitFileType = wrapper.application; includeInIndex = 0; path = TeamCreater.app; sourceTree = BUILT_PRODUCTS_DIR; };
		DD67B21E2C577A67008F57C5 /* AppDelegate.swift */ = {isa = PBXFileReference; lastKnownFileType = sourcecode.swift; path = AppDelegate.swift; sourceTree = "<group>"; };
		DD67B2202C577A67008F57C5 /* SceneDelegate.swift */ = {isa = PBXFileReference; lastKnownFileType = sourcecode.swift; path = SceneDelegate.swift; sourceTree = "<group>"; };
		DD67B2222C577A67008F57C5 /* ViewController.swift */ = {isa = PBXFileReference; lastKnownFileType = sourcecode.swift; path = ViewController.swift; sourceTree = "<group>"; };
		DD67B2252C577A67008F57C5 /* Base */ = {isa = PBXFileReference; lastKnownFileType = file.storyboard; name = Base; path = Base.lproj/Main.storyboard; sourceTree = "<group>"; };
		DD67B2272C577A69008F57C5 /* Assets.xcassets */ = {isa = PBXFileReference; lastKnownFileType = folder.assetcatalog; path = Assets.xcassets; sourceTree = "<group>"; };
		DD67B22A2C577A69008F57C5 /* Base */ = {isa = PBXFileReference; lastKnownFileType = file.storyboard; name = Base; path = Base.lproj/LaunchScreen.storyboard; sourceTree = "<group>"; };
		DD67B22C2C577A69008F57C5 /* Info.plist */ = {isa = PBXFileReference; lastKnownFileType = text.plist.xml; path = Info.plist; sourceTree = "<group>"; };
		DD67B2312C577A69008F57C5 /* TeamCreaterTests.xctest */ = {isa = PBXFileReference; explicitFileType = wrapper.cfbundle; includeInIndex = 0; path = TeamCreaterTests.xctest; sourceTree = BUILT_PRODUCTS_DIR; };
		DD67B2352C577A69008F57C5 /* TeamCreaterTests.swift */ = {isa = PBXFileReference; lastKnownFileType = sourcecode.swift; path = TeamCreaterTests.swift; sourceTree = "<group>"; };
		DD67B23B2C577A69008F57C5 /* TeamCreaterUITests.xctest */ = {isa = PBXFileReference; explicitFileType = wrapper.cfbundle; includeInIndex = 0; path = TeamCreaterUITests.xctest; sourceTree = BUILT_PRODUCTS_DIR; };
		DD67B23F2C577A69008F57C5 /* TeamCreaterUITests.swift */ = {isa = PBXFileReference; lastKnownFileType = sourcecode.swift; path = TeamCreaterUITests.swift; sourceTree = "<group>"; };
		DD67B2412C577A69008F57C5 /* TeamCreaterUITestsLaunchTests.swift */ = {isa = PBXFileReference; lastKnownFileType = sourcecode.swift; path = TeamCreaterUITestsLaunchTests.swift; sourceTree = "<group>"; };
/* End PBXFileReference section */

/* Begin PBXFrameworksBuildPhase section */
		DD67B2182C577A67008F57C5 /* Frameworks */ = {
			isa = PBXFrameworksBuildPhase;
			buildActionMask = 2147483647;
			files = (
			);
			runOnlyForDeploymentPostprocessing = 0;
		};
		DD67B22E2C577A69008F57C5 /* Frameworks */ = {
			isa = PBXFrameworksBuildPhase;
			buildActionMask = 2147483647;
			files = (
			);
			runOnlyForDeploymentPostprocessing = 0;
		};
		DD67B2382C577A69008F57C5 /* Frameworks */ = {
			isa = PBXFrameworksBuildPhase;
			buildActionMask = 2147483647;
			files = (
			);
			runOnlyForDeploymentPostprocessing = 0;
		};
/* End PBXFrameworksBuildPhase section */

/* Begin PBXGroup section */
		DD67B2122C577A67008F57C5 = {
			isa = PBXGroup;
			children = (
				DD67B21D2C577A67008F57C5 /* TeamCreater */,
				DD67B2342C577A69008F57C5 /* TeamCreaterTests */,
				DD67B23E2C577A69008F57C5 /* TeamCreaterUITests */,
				DD67B21C2C577A67008F57C5 /* Products */,
			);
			sourceTree = "<group>";
		};
		DD67B21C2C577A67008F57C5 /* Products */ = {
			isa = PBXGroup;
			children = (
				DD67B21B2C577A67008F57C5 /* TeamCreater.app */,
				DD67B2312C577A69008F57C5 /* TeamCreaterTests.xctest */,
				DD67B23B2C577A69008F57C5 /* TeamCreaterUITests.xctest */,
			);
			name = Products;
			sourceTree = "<group>";
		};
		DD67B21D2C577A67008F57C5 /* TeamCreater */ = {
			isa = PBXGroup;
			children = (
				DD67B21E2C577A67008F57C5 /* AppDelegate.swift */,
				DD67B2202C577A67008F57C5 /* SceneDelegate.swift */,
				DD67B2222C577A67008F57C5 /* ViewController.swift */,
				DD67B2242C577A67008F57C5 /* Main.storyboard */,
				DD67B2272C577A69008F57C5 /* Assets.xcassets */,
				DD67B2292C577A69008F57C5 /* LaunchScreen.storyboard */,
				DD67B22C2C577A69008F57C5 /* Info.plist */,
			);
			path = TeamCreater;
			sourceTree = "<group>";
		};
		DD67B2342C577A69008F57C5 /* TeamCreaterTests */ = {
			isa = PBXGroup;
			children = (
				DD67B2352C577A69008F57C5 /* TeamCreaterTests.swift */,
			);
			path = TeamCreaterTests;
			sourceTree = "<group>";
		};
		DD67B23E2C577A69008F57C5 /* TeamCreaterUITests */ = {
			isa = PBXGroup;
			children = (
				DD67B23F2C577A69008F57C5 /* TeamCreaterUITests.swift */,
				DD67B2412C577A69008F57C5 /* TeamCreaterUITestsLaunchTests.swift */,
			);
			path = TeamCreaterUITests;
			sourceTree = "<group>";
		};
/* End PBXGroup section */

/* Begin PBXNativeTarget section */
		DD67B21A2C577A67008F57C5 /* TeamCreater */ = {
			isa = PBXNativeTarget;
			buildConfigurationList = DD67B2452C577A69008F57C5 /* Build configuration list for PBXNativeTarget "TeamCreater" */;
			buildPhases = (
				DD67B2172C577A67008F57C5 /* Sources */,
				DD67B2182C577A67008F57C5 /* Frameworks */,
				DD67B2192C577A67008F57C5 /* Resources */,
			);
			buildRules = (
			);
			dependencies = (
			);
			name = TeamCreater;
			productName = TeamCreater;
			productReference = DD67B21B2C577A67008F57C5 /* TeamCreater.app */;
			productType = "com.apple.product-type.application";
		};
		DD67B2302C577A69008F57C5 /* TeamCreaterTests */ = {
			isa = PBXNativeTarget;
			buildConfigurationList = DD67B2482C577A69008F57C5 /* Build configuration list for PBXNativeTarget "TeamCreaterTests" */;
			buildPhases = (
				DD67B22D2C577A69008F57C5 /* Sources */,
				DD67B22E2C577A69008F57C5 /* Frameworks */,
				DD67B22F2C577A69008F57C5 /* Resources */,
			);
			buildRules = (
			);
			dependencies = (
				DD67B2332C577A69008F57C5 /* PBXTargetDependency */,
			);
			name = TeamCreaterTests;
			productName = TeamCreaterTests;
			productReference = DD67B2312C577A69008F57C5 /* TeamCreaterTests.xctest */;
			productType = "com.apple.product-type.bundle.unit-test";
		};
		DD67B23A2C577A69008F57C5 /* TeamCreaterUITests */ = {
			isa = PBXNativeTarget;
			buildConfigurationList = DD67B24B2C577A69008F57C5 /* Build configuration list for PBXNativeTarget "TeamCreaterUITests" */;
			buildPhases = (
				DD67B2372C577A69008F57C5 /* Sources */,
				DD67B2382C577A69008F57C5 /* Frameworks */,
				DD67B2392C577A69008F57C5 /* Resources */,
			);
			buildRules = (
			);
			dependencies = (
				DD67B23D2C577A69008F57C5 /* PBXTargetDependency */,
			);
			name = TeamCreaterUITests;
			productName = TeamCreaterUITests;
			productReference = DD67B23B2C577A69008F57C5 /* TeamCreaterUITests.xctest */;
			productType = "com.apple.product-type.bundle.ui-testing";
		};
/* End PBXNativeTarget section */

/* Begin PBXProject section */
		DD67B2132C577A67008F57C5 /* Project object */ = {
			isa = PBXProject;
			attributes = {
				BuildIndependentTargetsInParallel = 1;
				LastSwiftUpdateCheck = 1540;
				LastUpgradeCheck = 1540;
				TargetAttributes = {
					DD67B21A2C577A67008F57C5 = {
						CreatedOnToolsVersion = 15.4;
					};
					DD67B2302C577A69008F57C5 = {
						CreatedOnToolsVersion = 15.4;
						TestTargetID = DD67B21A2C577A67008F57C5;
					};
					DD67B23A2C577A69008F57C5 = {
						CreatedOnToolsVersion = 15.4;
						TestTargetID = DD67B21A2C577A67008F57C5;
					};
				};
			};
			buildConfigurationList = DD67B2162C577A67008F57C5 /* Build configuration list for PBXProject "TeamCreater" */;
			compatibilityVersion = "Xcode 14.0";
			developmentRegion = en;
			hasScannedForEncodings = 0;
			knownRegions = (
				en,
				Base,
			);
			mainGroup = DD67B2122C577A67008F57C5;
			productRefGroup = DD67B21C2C577A67008F57C5 /* Products */;
			projectDirPath = "";
			projectRoot = "";
			targets = (
				DD67B21A2C577A67008F57C5 /* TeamCreater */,
				DD67B2302C577A69008F57C5 /* TeamCreaterTests */,
				DD67B23A2C577A69008F57C5 /* TeamCreaterUITests */,
			);
		};
/* End PBXProject section */

/* Begin PBXResourcesBuildPhase section */
		DD67B2192C577A67008F57C5 /* Resources */ = {
			isa = PBXResourcesBuildPhase;
			buildActionMask = 2147483647;
			files = (
				DD67B2282C577A69008F57C5 /* Assets.xcassets in Resources */,
				DD67B22B2C577A69008F57C5 /* Base in Resources */,
				DD67B2262C577A67008F57C5 /* Base in Resources */,
			);
			runOnlyForDeploymentPostprocessing = 0;
		};
		DD67B22F2C577A69008F57C5 /* Resources */ = {
			isa = PBXResourcesBuildPhase;
			buildActionMask = 2147483647;
			files = (
			);
			runOnlyForDeploymentPostprocessing = 0;
		};
		DD67B2392C577A69008F57C5 /* Resources */ = {
			isa = PBXResourcesBuildPhase;
			buildActionMask = 2147483647;
			files = (
			);
			runOnlyForDeploymentPostprocessing = 0;
		};
/* End PBXResourcesBuildPhase section */

/* Begin PBXSourcesBuildPhase section */
		DD67B2172C577A67008F57C5 /* Sources */ = {
			isa = PBXSourcesBuildPhase;
			buildActionMask = 2147483647;
			files = (
				DD67B2232C577A67008F57C5 /* ViewController.swift in Sources */,
				DD67B21F2C577A67008F57C5 /* AppDelegate.swift in Sources */,
				DD67B2212C577A67008F57C5 /* SceneDelegate.swift in Sources */,
			);
			runOnlyForDeploymentPostprocessing = 0;
		};
		DD67B22D2C577A69008F57C5 /* Sources */ = {
			isa = PBXSourcesBuildPhase;
			buildActionMask = 2147483647;
			files = (
				DD67B2362C577A69008F57C5 /* TeamCreaterTests.swift in Sources */,
			);
			runOnlyForDeploymentPostprocessing = 0;
		};
		DD67B2372C577A69008F57C5 /* Sources */ = {
			isa = PBXSourcesBuildPhase;
			buildActionMask = 2147483647;
			files = (
				DD67B2422C577A69008F57C5 /* TeamCreaterUITestsLaunchTests.swift in Sources */,
				DD67B2402C577A69008F57C5 /* TeamCreaterUITests.swift in Sources */,
			);
			runOnlyForDeploymentPostprocessing = 0;
		};
/* End PBXSourcesBuildPhase section */

/* Begin PBXTargetDependency section */
		DD67B2332C577A69008F57C5 /* PBXTargetDependency */ = {
			isa = PBXTargetDependency;
			target = DD67B21A2C577A67008F57C5 /* TeamCreater */;
			targetProxy = DD67B2322C577A69008F57C5 /* PBXContainerItemProxy */;
		};
		DD67B23D2C577A69008F57C5 /* PBXTargetDependency */ = {
			isa = PBXTargetDependency;
			target = DD67B21A2C577A67008F57C5 /* TeamCreater */;
			targetProxy = DD67B23C2C577A69008F57C5 /* PBXContainerItemProxy */;
		};
/* End PBXTargetDependency section */

/* Begin PBXVariantGroup section */
		DD67B2242C577A67008F57C5 /* Main.storyboard */ = {
			isa = PBXVariantGroup;
			children = (
				DD67B2252C577A67008F57C5 /* Base */,
			);
			name = Main.storyboard;
			sourceTree = "<group>";
		};
		DD67B2292C577A69008F57C5 /* LaunchScreen.storyboard */ = {
			isa = PBXVariantGroup;
			children = (
				DD67B22A2C577A69008F57C5 /* Base */,
			);
			name = LaunchScreen.storyboard;
			sourceTree = "<group>";
		};
/* End PBXVariantGroup section */

/* Begin XCBuildConfiguration section */
		DD67B2432C577A69008F57C5 /* Debug */ = {
			isa = XCBuildConfiguration;
			buildSettings = {
				ALWAYS_SEARCH_USER_PATHS = NO;
				ASSETCATALOG_COMPILER_GENERATE_SWIFT_ASSET_SYMBOL_EXTENSIONS = YES;
				CLANG_ANALYZER_NONNULL = YES;
				CLANG_ANALYZER_NUMBER_OBJECT_CONVERSION = YES_AGGRESSIVE;
				CLANG_CXX_LANGUAGE_STANDARD = "gnu++20";
				CLANG_ENABLE_MODULES = YES;
				CLANG_ENABLE_OBJC_ARC = YES;
				CLANG_ENABLE_OBJC_WEAK = YES;
				CLANG_WARN_BLOCK_CAPTURE_AUTORELEASING = YES;
				CLANG_WARN_BOOL_CONVERSION = YES;
				CLANG_WARN_COMMA = YES;
				CLANG_WARN_CONSTANT_CONVERSION = YES;
				CLANG_WARN_DEPRECATED_OBJC_IMPLEMENTATIONS = YES;
				CLANG_WARN_DIRECT_OBJC_ISA_USAGE = YES_ERROR;
				CLANG_WARN_DOCUMENTATION_COMMENTS = YES;
				CLANG_WARN_EMPTY_BODY = YES;
				CLANG_WARN_ENUM_CONVERSION = YES;
				CLANG_WARN_INFINITE_RECURSION = YES;
				CLANG_WARN_INT_CONVERSION = YES;
				CLANG_WARN_NON_LITERAL_NULL_CONVERSION = YES;
				CLANG_WARN_OBJC_IMPLICIT_RETAIN_SELF = YES;
				CLANG_WARN_OBJC_LITERAL_CONVERSION = YES;
				CLANG_WARN_OBJC_ROOT_CLASS = YES_ERROR;
				CLANG_WARN_QUOTED_INCLUDE_IN_FRAMEWORK_HEADER = YES;
				CLANG_WARN_RANGE_LOOP_ANALYSIS = YES;
				CLANG_WARN_STRICT_PROTOTYPES = YES;
				CLANG_WARN_SUSPICIOUS_MOVE = YES;
				CLANG_WARN_UNGUARDED_AVAILABILITY = YES_AGGRESSIVE;
				CLANG_WARN_UNREACHABLE_CODE = YES;
				CLANG_WARN__DUPLICATE_METHOD_MATCH = YES;
				COPY_PHASE_STRIP = NO;
				DEBUG_INFORMATION_FORMAT = dwarf;
				ENABLE_STRICT_OBJC_MSGSEND = YES;
				ENABLE_TESTABILITY = YES;
				ENABLE_USER_SCRIPT_SANDBOXING = YES;
				GCC_C_LANGUAGE_STANDARD = gnu17;
				GCC_DYNAMIC_NO_PIC = NO;
				GCC_NO_COMMON_BLOCKS = YES;
				GCC_OPTIMIZATION_LEVEL = 0;
				GCC_PREPROCESSOR_DEFINITIONS = (
					"DEBUG=1",
					"$(inherited)",
				);
				GCC_WARN_64_TO_32_BIT_CONVERSION = YES;
				GCC_WARN_ABOUT_RETURN_TYPE = YES_ERROR;
				GCC_WARN_UNDECLARED_SELECTOR = YES;
				GCC_WARN_UNINITIALIZED_AUTOS = YES_AGGRESSIVE;
				GCC_WARN_UNUSED_FUNCTION = YES;
				GCC_WARN_UNUSED_VARIABLE = YES;
				IPHONEOS_DEPLOYMENT_TARGET = 17.5;
				LOCALIZATION_PREFERS_STRING_CATALOGS = YES;
				MTL_ENABLE_DEBUG_INFO = INCLUDE_SOURCE;
				MTL_FAST_MATH = YES;
				ONLY_ACTIVE_ARCH = YES;
				SDKROOT = iphoneos;
				SWIFT_ACTIVE_COMPILATION_CONDITIONS = "DEBUG $(inherited)";
				SWIFT_OPTIMIZATION_LEVEL = "-Onone";
			};
			name = Debug;
		};
		DD67B2442C577A69008F57C5 /* Release */ = {
			isa = XCBuildConfiguration;
			buildSettings = {
				ALWAYS_SEARCH_USER_PATHS = NO;
				ASSETCATALOG_COMPILER_GENERATE_SWIFT_ASSET_SYMBOL_EXTENSIONS = YES;
				CLANG_ANALYZER_NONNULL = YES;
				CLANG_ANALYZER_NUMBER_OBJECT_CONVERSION = YES_AGGRESSIVE;
				CLANG_CXX_LANGUAGE_STANDARD = "gnu++20";
				CLANG_ENABLE_MODULES = YES;
				CLANG_ENABLE_OBJC_ARC = YES;
				CLANG_ENABLE_OBJC_WEAK = YES;
				CLANG_WARN_BLOCK_CAPTURE_AUTORELEASING = YES;
				CLANG_WARN_BOOL_CONVERSION = YES;
				CLANG_WARN_COMMA = YES;
				CLANG_WARN_CONSTANT_CONVERSION = YES;
				CLANG_WARN_DEPRECATED_OBJC_IMPLEMENTATIONS = YES;
				CLANG_WARN_DIRECT_OBJC_ISA_USAGE = YES_ERROR;
				CLANG_WARN_DOCUMENTATION_COMMENTS = YES;
				CLANG_WARN_EMPTY_BODY = YES;
				CLANG_WARN_ENUM_CONVERSION = YES;
				CLANG_WARN_INFINITE_RECURSION = YES;
				CLANG_WARN_INT_CONVERSION = YES;
				CLANG_WARN_NON_LITERAL_NULL_CONVERSION = YES;
				CLANG_WARN_OBJC_IMPLICIT_RETAIN_SELF = YES;
				CLANG_WARN_OBJC_LITERAL_CONVERSION = YES;
				CLANG_WARN_OBJC_ROOT_CLASS = YES_ERROR;
				CLANG_WARN_QUOTED_INCLUDE_IN_FRAMEWORK_HEADER = YES;
				CLANG_WARN_RANGE_LOOP_ANALYSIS = YES;
				CLANG_WARN_STRICT_PROTOTYPES = YES;
				CLANG_WARN_SUSPICIOUS_MOVE = YES;
				CLANG_WARN_UNGUARDED_AVAILABILITY = YES_AGGRESSIVE;
				CLANG_WARN_UNREACHABLE_CODE = YES;
				CLANG_WARN__DUPLICATE_METHOD_MATCH = YES;
				COPY_PHASE_STRIP = NO;
				DEBUG_INFORMATION_FORMAT = "dwarf-with-dsym";
				ENABLE_NS_ASSERTIONS = NO;
				ENABLE_STRICT_OBJC_MSGSEND = YES;
				ENABLE_USER_SCRIPT_SANDBOXING = YES;
				GCC_C_LANGUAGE_STANDARD = gnu17;
				GCC_NO_COMMON_BLOCKS = YES;
				GCC_WARN_64_TO_32_BIT_CONVERSION = YES;
				GCC_WARN_ABOUT_RETURN_TYPE = YES_ERROR;
				GCC_WARN_UNDECLARED_SELECTOR = YES;
				GCC_WARN_UNINITIALIZED_AUTOS = YES_AGGRESSIVE;
				GCC_WARN_UNUSED_FUNCTION = YES;
				GCC_WARN_UNUSED_VARIABLE = YES;
				IPHONEOS_DEPLOYMENT_TARGET = 17.5;
				LOCALIZATION_PREFERS_STRING_CATALOGS = YES;
				MTL_ENABLE_DEBUG_INFO = NO;
				MTL_FAST_MATH = YES;
				SDKROOT = iphoneos;
				SWIFT_COMPILATION_MODE = wholemodule;
				VALIDATE_PRODUCT = YES;
			};
			name = Release;
		};
		DD67B2462C577A69008F57C5 /* Debug */ = {
			isa = XCBuildConfiguration;
			buildSettings = {
				ASSETCATALOG_COMPILER_APPICON_NAME = AppIcon;
				ASSETCATALOG_COMPILER_GLOBAL_ACCENT_COLOR_NAME = AccentColor;
				CODE_SIGN_STYLE = Automatic;
				CURRENT_PROJECT_VERSION = 1;
				GENERATE_INFOPLIST_FILE = YES;
				INFOPLIST_FILE = TeamCreater/Info.plist;
				INFOPLIST_KEY_UIApplicationSupportsIndirectInputEvents = YES;
				INFOPLIST_KEY_UILaunchStoryboardName = LaunchScreen;
				INFOPLIST_KEY_UIMainStoryboardFile = Main;
				INFOPLIST_KEY_UISupportedInterfaceOrientations_iPad = "UIInterfaceOrientationPortrait UIInterfaceOrientationPortraitUpsideDown UIInterfaceOrientationLandscapeLeft UIInterfaceOrientationLandscapeRight";
				INFOPLIST_KEY_UISupportedInterfaceOrientations_iPhone = "UIInterfaceOrientationPortrait UIInterfaceOrientationLandscapeLeft UIInterfaceOrientationLandscapeRight";
				LD_RUNPATH_SEARCH_PATHS = (
					"$(inherited)",
					"@executable_path/Frameworks",
				);
				MARKETING_VERSION = 1.0;
				PRODUCT_BUNDLE_IDENTIFIER = First.TeamCreater;
				PRODUCT_NAME = "$(TARGET_NAME)";
				SWIFT_EMIT_LOC_STRINGS = YES;
				SWIFT_VERSION = 5.0;
				TARGETED_DEVICE_FAMILY = "1,2";
			};
			name = Debug;
		};
		DD67B2472C577A69008F57C5 /* Release */ = {
			isa = XCBuildConfiguration;
			buildSettings = {
				ASSETCATALOG_COMPILER_APPICON_NAME = AppIcon;
				ASSETCATALOG_COMPILER_GLOBAL_ACCENT_COLOR_NAME = AccentColor;
				CODE_SIGN_STYLE = Automatic;
				CURRENT_PROJECT_VERSION = 1;
				GENERATE_INFOPLIST_FILE = YES;
				INFOPLIST_FILE = TeamCreater/Info.plist;
				INFOPLIST_KEY_UIApplicationSupportsIndirectInputEvents = YES;
				INFOPLIST_KEY_UILaunchStoryboardName = LaunchScreen;
				INFOPLIST_KEY_UIMainStoryboardFile = Main;
				INFOPLIST_KEY_UISupportedInterfaceOrientations_iPad = "UIInterfaceOrientationPortrait UIInterfaceOrientationPortraitUpsideDown UIInterfaceOrientationLandscapeLeft UIInterfaceOrientationLandscapeRight";
				INFOPLIST_KEY_UISupportedInterfaceOrientations_iPhone = "UIInterfaceOrientationPortrait UIInterfaceOrientationLandscapeLeft UIInterfaceOrientationLandscapeRight";
				LD_RUNPATH_SEARCH_PATHS = (
					"$(inherited)",
					"@executable_path/Frameworks",
				);
				MARKETING_VERSION = 1.0;
				PRODUCT_BUNDLE_IDENTIFIER = First.TeamCreater;
				PRODUCT_NAME = "$(TARGET_NAME)";
				SWIFT_EMIT_LOC_STRINGS = YES;
				SWIFT_VERSION = 5.0;
				TARGETED_DEVICE_FAMILY = "1,2";
			};
			name = Release;
		};
		DD67B2492C577A69008F57C5 /* Debug */ = {
			isa = XCBuildConfiguration;
			buildSettings = {
				ALWAYS_EMBED_SWIFT_STANDARD_LIBRARIES = YES;
				BUNDLE_LOADER = "$(TEST_HOST)";
				CODE_SIGN_STYLE = Automatic;
				CURRENT_PROJECT_VERSION = 1;
				GENERATE_INFOPLIST_FILE = YES;
				IPHONEOS_DEPLOYMENT_TARGET = 17.5;
				MARKETING_VERSION = 1.0;
				PRODUCT_BUNDLE_IDENTIFIER = First.TeamCreaterTests;
				PRODUCT_NAME = "$(TARGET_NAME)";
				SWIFT_EMIT_LOC_STRINGS = NO;
				SWIFT_VERSION = 5.0;
				TARGETED_DEVICE_FAMILY = "1,2";
				TEST_HOST = "$(BUILT_PRODUCTS_DIR)/TeamCreater.app/$(BUNDLE_EXECUTABLE_FOLDER_PATH)/TeamCreater";
			};
			name = Debug;
		};
		DD67B24A2C577A69008F57C5 /* Release */ = {
			isa = XCBuildConfiguration;
			buildSettings = {
				ALWAYS_EMBED_SWIFT_STANDARD_LIBRARIES = YES;
				BUNDLE_LOADER = "$(TEST_HOST)";
				CODE_SIGN_STYLE = Automatic;
				CURRENT_PROJECT_VERSION = 1;
				GENERATE_INFOPLIST_FILE = YES;
				IPHONEOS_DEPLOYMENT_TARGET = 17.5;
				MARKETING_VERSION = 1.0;
				PRODUCT_BUNDLE_IDENTIFIER = First.TeamCreaterTests;
				PRODUCT_NAME = "$(TARGET_NAME)";
				SWIFT_EMIT_LOC_STRINGS = NO;
				SWIFT_VERSION = 5.0;
				TARGETED_DEVICE_FAMILY = "1,2";
				TEST_HOST = "$(BUILT_PRODUCTS_DIR)/TeamCreater.app/$(BUNDLE_EXECUTABLE_FOLDER_PATH)/TeamCreater";
			};
			name = Release;
		};
		DD67B24C2C577A69008F57C5 /* Debug */ = {
			isa = XCBuildConfiguration;
			buildSettings = {
				ALWAYS_EMBED_SWIFT_STANDARD_LIBRARIES = YES;
				CODE_SIGN_STYLE = Automatic;
				CURRENT_PROJECT_VERSION = 1;
				GENERATE_INFOPLIST_FILE = YES;
				MARKETING_VERSION = 1.0;
				PRODUCT_BUNDLE_IDENTIFIER = First.TeamCreaterUITests;
				PRODUCT_NAME = "$(TARGET_NAME)";
				SWIFT_EMIT_LOC_STRINGS = NO;
				SWIFT_VERSION = 5.0;
				TARGETED_DEVICE_FAMILY = "1,2";
				TEST_TARGET_NAME = TeamCreater;
			};
			name = Debug;
		};
		DD67B24D2C577A69008F57C5 /* Release */ = {
			isa = XCBuildConfiguration;
			buildSettings = {
				ALWAYS_EMBED_SWIFT_STANDARD_LIBRARIES = YES;
				CODE_SIGN_STYLE = Automatic;
				CURRENT_PROJECT_VERSION = 1;
				GENERATE_INFOPLIST_FILE = YES;
				MARKETING_VERSION = 1.0;
				PRODUCT_BUNDLE_IDENTIFIER = First.TeamCreaterUITests;
				PRODUCT_NAME = "$(TARGET_NAME)";
				SWIFT_EMIT_LOC_STRINGS = NO;
				SWIFT_VERSION = 5.0;
				TARGETED_DEVICE_FAMILY = "1,2";
				TEST_TARGET_NAME = TeamCreater;
			};
			name = Release;
		};
/* End XCBuildConfiguration section */

/* Begin XCConfigurationList section */
		DD67B2162C577A67008F57C5 /* Build configuration list for PBXProject "TeamCreater" */ = {
			isa = XCConfigurationList;
			buildConfigurations = (
				DD67B2432C577A69008F57C5 /* Debug */,
				DD67B2442C577A69008F57C5 /* Release */,
			);
			defaultConfigurationIsVisible = 0;
			defaultConfigurationName = Release;
		};
		DD67B2452C577A69008F57C5 /* Build configuration list for PBXNativeTarget "TeamCreater" */ = {
			isa = XCConfigurationList;
			buildConfigurations = (
				DD67B2462C577A69008F57C5 /* Debug */,
				DD67B2472C577A69008F57C5 /* Release */,
			);
			defaultConfigurationIsVisible = 0;
			defaultConfigurationName = Release;
		};
		DD67B2482C577A69008F57C5 /* Build configuration list for PBXNativeTarget "TeamCreaterTests" */ = {
			isa = XCConfigurationList;
			buildConfigurations = (
				DD67B2492C577A69008F57C5 /* Debug */,
				DD67B24A2C577A69008F57C5 /* Release */,
			);
			defaultConfigurationIsVisible = 0;
			defaultConfigurationName = Release;
		};
		DD67B24B2C577A69008F57C5 /* Build configuration list for PBXNativeTarget "TeamCreaterUITests" */ = {
			isa = XCConfigurationList;
			buildConfigurations = (
				DD67B24C2C577A69008F57C5 /* Debug */,
				DD67B24D2C577A69008F57C5 /* Release */,
			);
			defaultConfigurationIsVisible = 0;
			defaultConfigurationName = Release;
		};
/* End XCConfigurationList section */
	};
	rootObject = DD67B2132C577A67008F57C5 /* Project object */;
}
